
Microsoft Visual Studio Solution File, Format Version 12.00
# Visual Studio 15
VisualStudioVersion = 15.0.27004.2005
MinimumVisualStudioVersion = 10.0.40219.1
Project("{2150E333-8FDC-42A3-9474-1A3956D46DE8}") = "Solution Items", "Solution Items", "{4F0CD838-DB2C-4EAB-A411-41E19210D021}"
	ProjectSection(SolutionItems) = preProject
		Gui.md = Gui.md
		README.md = README.md
		Xamarin.md = Xamarin.md
	EndProjectSection
EndProject
Project("{2150E333-8FDC-42A3-9474-1A3956D46DE8}") = "GUII", "GUII", "{346A7391-2FD0-4BD7-980D-0625AB8A372E}"
EndProject
Project("{2150E333-8FDC-42A3-9474-1A3956D46DE8}") = "ServiceAccessServer", "ServiceAccessServer", "{DF98400C-3CA0-467C-A071-194E26CC4345}"
EndProject
Project("{2150E333-8FDC-42A3-9474-1A3956D46DE8}") = "DataAccessLayer", "DataAccessLayer", "{D40FCB7B-584E-4FC5-9CBA-7A64EF40999C}"
EndProject
Project("{FAE04EC0-301F-11D3-BF4B-00C04F79EFBC}") = "NMUGStore.Ui.XamarinForms.Android", "NMUGStore.Ui.XamarinForms\NMUGStore.Ui.XamarinForms.Android\NMUGStore.Ui.XamarinForms.Android.csproj", "{81F63185-CB96-47ED-9751-CB40FB272537}"
EndProject
Project("{FAE04EC0-301F-11D3-BF4B-00C04F79EFBC}") = "NMUGStore.Ui.XamarinForms.iOS", "NMUGStore.Ui.XamarinForms\NMUGStore.Ui.XamarinForms.iOS\NMUGStore.Ui.XamarinForms.iOS.csproj", "{BDCE56DE-4DDB-4542-837D-9B5607862CB8}"
EndProject
Project("{FAE04EC0-301F-11D3-BF4B-00C04F79EFBC}") = "NMUGStore.Ui.XamarinForms.UWP", "NMUGStore.Ui.XamarinForms\NMUGStore.Ui.XamarinForms.UWP\NMUGStore.Ui.XamarinForms.UWP.csproj", "{2831EB1B-DF07-4ABA-8FBB-D123688D61F6}"
EndProject
Project("{FAE04EC0-301F-11D3-BF4B-00C04F79EFBC}") = "NMUGStore.Ui.XamarinForms", "NMUGStore.Ui.XamarinForms\NMUGStore.Ui.XamarinForms\NMUGStore.Ui.XamarinForms\NMUGStore.Ui.XamarinForms.csproj", "{04A454D8-D218-4220-9334-60D1D4AE629A}"
	ProjectSection(ProjectDependencies) = postProject
		{77E0A7FB-4D28-4578-AF26-AF6013FC68F9} = {77E0A7FB-4D28-4578-AF26-AF6013FC68F9}
	EndProjectSection
EndProject
Project("{FAE04EC0-301F-11D3-BF4B-00C04F79EFBC}") = "NMUG.WCFHost", "NMUG.WCFHost\NMUG.WCFHost.csproj", "{77E0A7FB-4D28-4578-AF26-AF6013FC68F9}"
EndProject
Project("{9A19103F-16F7-4668-BE54-9A1E7A4F7556}") = "NMUG.RestApi", "NMUG.RestApi\NMUG.RestApi.csproj", "{4C39A7E6-F6AC-4792-B801-6DA0C7EC4909}"
EndProject
Project("{FAE04EC0-301F-11D3-BF4B-00C04F79EFBC}") = "NMUGStore.Dal", "NMUGStore.Dal\NMUGStore.Dal.csproj", "{2F2D144B-9CCE-4F99-BD9B-DA09E03EE97E}"
EndProject
Project("{2150E333-8FDC-42A3-9474-1A3956D46DE8}") = "BusinessLayer", "BusinessLayer", "{EBDA8791-3FC5-41A1-9FCB-7A61E6F24989}"
EndProject
Project("{FAE04EC0-301F-11D3-BF4B-00C04F79EFBC}") = "NMUGStore.BusinessLibrary.Net", "NMUGStore.BusinessLibrary.Net\NMUGStore.BusinessLibrary.Net.csproj", "{99FD5AA5-825E-4D34-A1FD-8EEB05608EE5}"
EndProject
Project("{FAE04EC0-301F-11D3-BF4B-00C04F79EFBC}") = "NMUGStore.BusinessLibrary.Uwp", "NMUGStore.BusinessLibrary.Uwp\NMUGStore.BusinessLibrary.Uwp.csproj", "{4F1C9355-B571-46C5-94DB-1C21BBF5B8C6}"
EndProject
Project("{D954291E-2A0B-460D-934E-DC6B0785DB48}") = "NMUGStore.BusinessLibrary.Shared", "NMUGStore.BusinessLibrary.Shared\NMUGStore.BusinessLibrary.Shared.shproj", "{A8C6100F-A8AF-4B85-B6CA-4B4D0864311B}"
EndProject
Project("{FAE04EC0-301F-11D3-BF4B-00C04F79EFBC}") = "NMUGStore.BusinessLibrary.Xamarin", "NMUGStore.BusinessLibrary.Xamarin\NMUGStore.BusinessLibrary.Xamarin.csproj", "{FD883765-5EFE-494E-AA1A-6B5E3D929EDE}"
EndProject
Global
	GlobalSection(SharedMSBuildProjectFiles) = preSolution
		NMUGStore.BusinessLibrary.Shared\NMUGStore.BusinessLibrary.Shared.projitems*{4f1c9355-b571-46c5-94db-1c21bbf5b8c6}*SharedItemsImports = 4
		NMUGStore.BusinessLibrary.Shared\NMUGStore.BusinessLibrary.Shared.projitems*{99fd5aa5-825e-4d34-a1fd-8eeb05608ee5}*SharedItemsImports = 4
		NMUGStore.BusinessLibrary.Shared\NMUGStore.BusinessLibrary.Shared.projitems*{a8c6100f-a8af-4b85-b6ca-4b4d0864311b}*SharedItemsImports = 13
	EndGlobalSection
	GlobalSection(SolutionConfigurationPlatforms) = preSolution
		Ad-Hoc|Any CPU = Ad-Hoc|Any CPU
		Ad-Hoc|ARM = Ad-Hoc|ARM
		Ad-Hoc|iPhone = Ad-Hoc|iPhone
		Ad-Hoc|iPhoneSimulator = Ad-Hoc|iPhoneSimulator
		Ad-Hoc|x64 = Ad-Hoc|x64
		Ad-Hoc|x86 = Ad-Hoc|x86
		AppStore|Any CPU = AppStore|Any CPU
		AppStore|ARM = AppStore|ARM
		AppStore|iPhone = AppStore|iPhone
		AppStore|iPhoneSimulator = AppStore|iPhoneSimulator
		AppStore|x64 = AppStore|x64
		AppStore|x86 = AppStore|x86
		Debug|Any CPU = Debug|Any CPU
		Debug|ARM = Debug|ARM
		Debug|iPhone = Debug|iPhone
		Debug|iPhoneSimulator = Debug|iPhoneSimulator
		Debug|x64 = Debug|x64
		Debug|x86 = Debug|x86
		Release|Any CPU = Release|Any CPU
		Release|ARM = Release|ARM
		Release|iPhone = Release|iPhone
		Release|iPhoneSimulator = Release|iPhoneSimulator
		Release|x64 = Release|x64
		Release|x86 = Release|x86
	EndGlobalSection
	GlobalSection(ProjectConfigurationPlatforms) = postSolution
		{81F63185-CB96-47ED-9751-CB40FB272537}.Ad-Hoc|Any CPU.ActiveCfg = Release|Any CPU
		{81F63185-CB96-47ED-9751-CB40FB272537}.Ad-Hoc|Any CPU.Build.0 = Release|Any CPU
		{81F63185-CB96-47ED-9751-CB40FB272537}.Ad-Hoc|Any CPU.Deploy.0 = Release|Any CPU
		{81F63185-CB96-47ED-9751-CB40FB272537}.Ad-Hoc|ARM.ActiveCfg = Release|Any CPU
		{81F63185-CB96-47ED-9751-CB40FB272537}.Ad-Hoc|ARM.Build.0 = Release|Any CPU
		{81F63185-CB96-47ED-9751-CB40FB272537}.Ad-Hoc|ARM.Deploy.0 = Release|Any CPU
		{81F63185-CB96-47ED-9751-CB40FB272537}.Ad-Hoc|iPhone.ActiveCfg = Release|Any CPU
		{81F63185-CB96-47ED-9751-CB40FB272537}.Ad-Hoc|iPhone.Build.0 = Release|Any CPU
		{81F63185-CB96-47ED-9751-CB40FB272537}.Ad-Hoc|iPhone.Deploy.0 = Release|Any CPU
		{81F63185-CB96-47ED-9751-CB40FB272537}.Ad-Hoc|iPhoneSimulator.ActiveCfg = Release|Any CPU
		{81F63185-CB96-47ED-9751-CB40FB272537}.Ad-Hoc|iPhoneSimulator.Build.0 = Release|Any CPU
		{81F63185-CB96-47ED-9751-CB40FB272537}.Ad-Hoc|iPhoneSimulator.Deploy.0 = Release|Any CPU
		{81F63185-CB96-47ED-9751-CB40FB272537}.Ad-Hoc|x64.ActiveCfg = Release|Any CPU
		{81F63185-CB96-47ED-9751-CB40FB272537}.Ad-Hoc|x64.Build.0 = Release|Any CPU
		{81F63185-CB96-47ED-9751-CB40FB272537}.Ad-Hoc|x64.Deploy.0 = Release|Any CPU
		{81F63185-CB96-47ED-9751-CB40FB272537}.Ad-Hoc|x86.ActiveCfg = Release|Any CPU
		{81F63185-CB96-47ED-9751-CB40FB272537}.Ad-Hoc|x86.Build.0 = Release|Any CPU
		{81F63185-CB96-47ED-9751-CB40FB272537}.Ad-Hoc|x86.Deploy.0 = Release|Any CPU
		{81F63185-CB96-47ED-9751-CB40FB272537}.AppStore|Any CPU.ActiveCfg = Release|Any CPU
		{81F63185-CB96-47ED-9751-CB40FB272537}.AppStore|Any CPU.Build.0 = Release|Any CPU
		{81F63185-CB96-47ED-9751-CB40FB272537}.AppStore|Any CPU.Deploy.0 = Release|Any CPU
		{81F63185-CB96-47ED-9751-CB40FB272537}.AppStore|ARM.ActiveCfg = Release|Any CPU
		{81F63185-CB96-47ED-9751-CB40FB272537}.AppStore|ARM.Build.0 = Release|Any CPU
		{81F63185-CB96-47ED-9751-CB40FB272537}.AppStore|ARM.Deploy.0 = Release|Any CPU
		{81F63185-CB96-47ED-9751-CB40FB272537}.AppStore|iPhone.ActiveCfg = Release|Any CPU
		{81F63185-CB96-47ED-9751-CB40FB272537}.AppStore|iPhone.Build.0 = Release|Any CPU
		{81F63185-CB96-47ED-9751-CB40FB272537}.AppStore|iPhone.Deploy.0 = Release|Any CPU
		{81F63185-CB96-47ED-9751-CB40FB272537}.AppStore|iPhoneSimulator.ActiveCfg = Release|Any CPU
		{81F63185-CB96-47ED-9751-CB40FB272537}.AppStore|iPhoneSimulator.Build.0 = Release|Any CPU
		{81F63185-CB96-47ED-9751-CB40FB272537}.AppStore|iPhoneSimulator.Deploy.0 = Release|Any CPU
		{81F63185-CB96-47ED-9751-CB40FB272537}.AppStore|x64.ActiveCfg = Release|Any CPU
		{81F63185-CB96-47ED-9751-CB40FB272537}.AppStore|x64.Build.0 = Release|Any CPU
		{81F63185-CB96-47ED-9751-CB40FB272537}.AppStore|x64.Deploy.0 = Release|Any CPU
		{81F63185-CB96-47ED-9751-CB40FB272537}.AppStore|x86.ActiveCfg = Release|Any CPU
		{81F63185-CB96-47ED-9751-CB40FB272537}.AppStore|x86.Build.0 = Release|Any CPU
		{81F63185-CB96-47ED-9751-CB40FB272537}.AppStore|x86.Deploy.0 = Release|Any CPU
		{81F63185-CB96-47ED-9751-CB40FB272537}.Debug|Any CPU.ActiveCfg = Debug|Any CPU
		{81F63185-CB96-47ED-9751-CB40FB272537}.Debug|Any CPU.Build.0 = Debug|Any CPU
		{81F63185-CB96-47ED-9751-CB40FB272537}.Debug|Any CPU.Deploy.0 = Debug|Any CPU
		{81F63185-CB96-47ED-9751-CB40FB272537}.Debug|ARM.ActiveCfg = Debug|Any CPU
		{81F63185-CB96-47ED-9751-CB40FB272537}.Debug|ARM.Build.0 = Debug|Any CPU
		{81F63185-CB96-47ED-9751-CB40FB272537}.Debug|ARM.Deploy.0 = Debug|Any CPU
		{81F63185-CB96-47ED-9751-CB40FB272537}.Debug|iPhone.ActiveCfg = Debug|Any CPU
		{81F63185-CB96-47ED-9751-CB40FB272537}.Debug|iPhone.Build.0 = Debug|Any CPU
		{81F63185-CB96-47ED-9751-CB40FB272537}.Debug|iPhone.Deploy.0 = Debug|Any CPU
		{81F63185-CB96-47ED-9751-CB40FB272537}.Debug|iPhoneSimulator.ActiveCfg = Debug|Any CPU
		{81F63185-CB96-47ED-9751-CB40FB272537}.Debug|iPhoneSimulator.Build.0 = Debug|Any CPU
		{81F63185-CB96-47ED-9751-CB40FB272537}.Debug|iPhoneSimulator.Deploy.0 = Debug|Any CPU
		{81F63185-CB96-47ED-9751-CB40FB272537}.Debug|x64.ActiveCfg = Debug|Any CPU
		{81F63185-CB96-47ED-9751-CB40FB272537}.Debug|x64.Build.0 = Debug|Any CPU
		{81F63185-CB96-47ED-9751-CB40FB272537}.Debug|x64.Deploy.0 = Debug|Any CPU
		{81F63185-CB96-47ED-9751-CB40FB272537}.Debug|x86.ActiveCfg = Debug|Any CPU
		{81F63185-CB96-47ED-9751-CB40FB272537}.Debug|x86.Build.0 = Debug|Any CPU
		{81F63185-CB96-47ED-9751-CB40FB272537}.Debug|x86.Deploy.0 = Debug|Any CPU
		{81F63185-CB96-47ED-9751-CB40FB272537}.Release|Any CPU.ActiveCfg = Release|Any CPU
		{81F63185-CB96-47ED-9751-CB40FB272537}.Release|Any CPU.Build.0 = Release|Any CPU
		{81F63185-CB96-47ED-9751-CB40FB272537}.Release|Any CPU.Deploy.0 = Release|Any CPU
		{81F63185-CB96-47ED-9751-CB40FB272537}.Release|ARM.ActiveCfg = Release|Any CPU
		{81F63185-CB96-47ED-9751-CB40FB272537}.Release|ARM.Build.0 = Release|Any CPU
		{81F63185-CB96-47ED-9751-CB40FB272537}.Release|ARM.Deploy.0 = Release|Any CPU
		{81F63185-CB96-47ED-9751-CB40FB272537}.Release|iPhone.ActiveCfg = Release|Any CPU
		{81F63185-CB96-47ED-9751-CB40FB272537}.Release|iPhone.Build.0 = Release|Any CPU
		{81F63185-CB96-47ED-9751-CB40FB272537}.Release|iPhone.Deploy.0 = Release|Any CPU
		{81F63185-CB96-47ED-9751-CB40FB272537}.Release|iPhoneSimulator.ActiveCfg = Release|Any CPU
		{81F63185-CB96-47ED-9751-CB40FB272537}.Release|iPhoneSimulator.Build.0 = Release|Any CPU
		{81F63185-CB96-47ED-9751-CB40FB272537}.Release|iPhoneSimulator.Deploy.0 = Release|Any CPU
		{81F63185-CB96-47ED-9751-CB40FB272537}.Release|x64.ActiveCfg = Release|Any CPU
		{81F63185-CB96-47ED-9751-CB40FB272537}.Release|x64.Build.0 = Release|Any CPU
		{81F63185-CB96-47ED-9751-CB40FB272537}.Release|x64.Deploy.0 = Release|Any CPU
		{81F63185-CB96-47ED-9751-CB40FB272537}.Release|x86.ActiveCfg = Release|Any CPU
		{81F63185-CB96-47ED-9751-CB40FB272537}.Release|x86.Build.0 = Release|Any CPU
		{81F63185-CB96-47ED-9751-CB40FB272537}.Release|x86.Deploy.0 = Release|Any CPU
		{BDCE56DE-4DDB-4542-837D-9B5607862CB8}.Ad-Hoc|Any CPU.ActiveCfg = Ad-Hoc|iPhone
		{BDCE56DE-4DDB-4542-837D-9B5607862CB8}.Ad-Hoc|ARM.ActiveCfg = Ad-Hoc|iPhone
		{BDCE56DE-4DDB-4542-837D-9B5607862CB8}.Ad-Hoc|iPhone.ActiveCfg = Ad-Hoc|iPhone
		{BDCE56DE-4DDB-4542-837D-9B5607862CB8}.Ad-Hoc|iPhone.Build.0 = Ad-Hoc|iPhone
		{BDCE56DE-4DDB-4542-837D-9B5607862CB8}.Ad-Hoc|iPhoneSimulator.ActiveCfg = Ad-Hoc|iPhoneSimulator
		{BDCE56DE-4DDB-4542-837D-9B5607862CB8}.Ad-Hoc|iPhoneSimulator.Build.0 = Ad-Hoc|iPhoneSimulator
		{BDCE56DE-4DDB-4542-837D-9B5607862CB8}.Ad-Hoc|x64.ActiveCfg = Ad-Hoc|iPhone
		{BDCE56DE-4DDB-4542-837D-9B5607862CB8}.Ad-Hoc|x86.ActiveCfg = Ad-Hoc|iPhone
		{BDCE56DE-4DDB-4542-837D-9B5607862CB8}.AppStore|Any CPU.ActiveCfg = AppStore|iPhone
		{BDCE56DE-4DDB-4542-837D-9B5607862CB8}.AppStore|ARM.ActiveCfg = AppStore|iPhone
		{BDCE56DE-4DDB-4542-837D-9B5607862CB8}.AppStore|iPhone.ActiveCfg = AppStore|iPhone
		{BDCE56DE-4DDB-4542-837D-9B5607862CB8}.AppStore|iPhone.Build.0 = AppStore|iPhone
		{BDCE56DE-4DDB-4542-837D-9B5607862CB8}.AppStore|iPhoneSimulator.ActiveCfg = AppStore|iPhoneSimulator
		{BDCE56DE-4DDB-4542-837D-9B5607862CB8}.AppStore|iPhoneSimulator.Build.0 = AppStore|iPhoneSimulator
		{BDCE56DE-4DDB-4542-837D-9B5607862CB8}.AppStore|x64.ActiveCfg = AppStore|iPhone
		{BDCE56DE-4DDB-4542-837D-9B5607862CB8}.AppStore|x86.ActiveCfg = AppStore|iPhone
		{BDCE56DE-4DDB-4542-837D-9B5607862CB8}.Debug|Any CPU.ActiveCfg = Debug|iPhone
		{BDCE56DE-4DDB-4542-837D-9B5607862CB8}.Debug|ARM.ActiveCfg = Debug|iPhone
		{BDCE56DE-4DDB-4542-837D-9B5607862CB8}.Debug|iPhone.ActiveCfg = Debug|iPhone
		{BDCE56DE-4DDB-4542-837D-9B5607862CB8}.Debug|iPhone.Build.0 = Debug|iPhone
		{BDCE56DE-4DDB-4542-837D-9B5607862CB8}.Debug|iPhoneSimulator.ActiveCfg = Debug|iPhoneSimulator
		{BDCE56DE-4DDB-4542-837D-9B5607862CB8}.Debug|iPhoneSimulator.Build.0 = Debug|iPhoneSimulator
		{BDCE56DE-4DDB-4542-837D-9B5607862CB8}.Debug|x64.ActiveCfg = Debug|iPhone
		{BDCE56DE-4DDB-4542-837D-9B5607862CB8}.Debug|x86.ActiveCfg = Debug|iPhone
		{BDCE56DE-4DDB-4542-837D-9B5607862CB8}.Release|Any CPU.ActiveCfg = Release|iPhone
		{BDCE56DE-4DDB-4542-837D-9B5607862CB8}.Release|ARM.ActiveCfg = Release|iPhone
		{BDCE56DE-4DDB-4542-837D-9B5607862CB8}.Release|iPhone.ActiveCfg = Release|iPhone
		{BDCE56DE-4DDB-4542-837D-9B5607862CB8}.Release|iPhone.Build.0 = Release|iPhone
		{BDCE56DE-4DDB-4542-837D-9B5607862CB8}.Release|iPhoneSimulator.ActiveCfg = Release|iPhoneSimulator
		{BDCE56DE-4DDB-4542-837D-9B5607862CB8}.Release|iPhoneSimulator.Build.0 = Release|iPhoneSimulator
		{BDCE56DE-4DDB-4542-837D-9B5607862CB8}.Release|x64.ActiveCfg = Release|iPhone
		{BDCE56DE-4DDB-4542-837D-9B5607862CB8}.Release|x86.ActiveCfg = Release|iPhone
		{2831EB1B-DF07-4ABA-8FBB-D123688D61F6}.Ad-Hoc|Any CPU.ActiveCfg = Release|x86
		{2831EB1B-DF07-4ABA-8FBB-D123688D61F6}.Ad-Hoc|Any CPU.Build.0 = Release|x86
		{2831EB1B-DF07-4ABA-8FBB-D123688D61F6}.Ad-Hoc|Any CPU.Deploy.0 = Release|x86
		{2831EB1B-DF07-4ABA-8FBB-D123688D61F6}.Ad-Hoc|ARM.ActiveCfg = Release|ARM
		{2831EB1B-DF07-4ABA-8FBB-D123688D61F6}.Ad-Hoc|ARM.Build.0 = Release|ARM
		{2831EB1B-DF07-4ABA-8FBB-D123688D61F6}.Ad-Hoc|ARM.Deploy.0 = Release|ARM
		{2831EB1B-DF07-4ABA-8FBB-D123688D61F6}.Ad-Hoc|iPhone.ActiveCfg = Release|x86
		{2831EB1B-DF07-4ABA-8FBB-D123688D61F6}.Ad-Hoc|iPhone.Build.0 = Release|x86
		{2831EB1B-DF07-4ABA-8FBB-D123688D61F6}.Ad-Hoc|iPhone.Deploy.0 = Release|x86
		{2831EB1B-DF07-4ABA-8FBB-D123688D61F6}.Ad-Hoc|iPhoneSimulator.ActiveCfg = Release|x86
		{2831EB1B-DF07-4ABA-8FBB-D123688D61F6}.Ad-Hoc|iPhoneSimulator.Build.0 = Release|x86
		{2831EB1B-DF07-4ABA-8FBB-D123688D61F6}.Ad-Hoc|iPhoneSimulator.Deploy.0 = Release|x86
		{2831EB1B-DF07-4ABA-8FBB-D123688D61F6}.Ad-Hoc|x64.ActiveCfg = Release|x64
		{2831EB1B-DF07-4ABA-8FBB-D123688D61F6}.Ad-Hoc|x64.Build.0 = Release|x64
		{2831EB1B-DF07-4ABA-8FBB-D123688D61F6}.Ad-Hoc|x64.Deploy.0 = Release|x64
		{2831EB1B-DF07-4ABA-8FBB-D123688D61F6}.Ad-Hoc|x86.ActiveCfg = Release|x86
		{2831EB1B-DF07-4ABA-8FBB-D123688D61F6}.Ad-Hoc|x86.Build.0 = Release|x86
		{2831EB1B-DF07-4ABA-8FBB-D123688D61F6}.Ad-Hoc|x86.Deploy.0 = Release|x86
		{2831EB1B-DF07-4ABA-8FBB-D123688D61F6}.AppStore|Any CPU.ActiveCfg = Release|x86
		{2831EB1B-DF07-4ABA-8FBB-D123688D61F6}.AppStore|Any CPU.Build.0 = Release|x86
		{2831EB1B-DF07-4ABA-8FBB-D123688D61F6}.AppStore|Any CPU.Deploy.0 = Release|x86
		{2831EB1B-DF07-4ABA-8FBB-D123688D61F6}.AppStore|ARM.ActiveCfg = Release|ARM
		{2831EB1B-DF07-4ABA-8FBB-D123688D61F6}.AppStore|ARM.Build.0 = Release|ARM
		{2831EB1B-DF07-4ABA-8FBB-D123688D61F6}.AppStore|ARM.Deploy.0 = Release|ARM
		{2831EB1B-DF07-4ABA-8FBB-D123688D61F6}.AppStore|iPhone.ActiveCfg = Release|x86
		{2831EB1B-DF07-4ABA-8FBB-D123688D61F6}.AppStore|iPhone.Build.0 = Release|x86
		{2831EB1B-DF07-4ABA-8FBB-D123688D61F6}.AppStore|iPhone.Deploy.0 = Release|x86
		{2831EB1B-DF07-4ABA-8FBB-D123688D61F6}.AppStore|iPhoneSimulator.ActiveCfg = Release|x86
		{2831EB1B-DF07-4ABA-8FBB-D123688D61F6}.AppStore|iPhoneSimulator.Build.0 = Release|x86
		{2831EB1B-DF07-4ABA-8FBB-D123688D61F6}.AppStore|iPhoneSimulator.Deploy.0 = Release|x86
		{2831EB1B-DF07-4ABA-8FBB-D123688D61F6}.AppStore|x64.ActiveCfg = Release|x64
		{2831EB1B-DF07-4ABA-8FBB-D123688D61F6}.AppStore|x64.Build.0 = Release|x64
		{2831EB1B-DF07-4ABA-8FBB-D123688D61F6}.AppStore|x64.Deploy.0 = Release|x64
		{2831EB1B-DF07-4ABA-8FBB-D123688D61F6}.AppStore|x86.ActiveCfg = Release|x86
		{2831EB1B-DF07-4ABA-8FBB-D123688D61F6}.AppStore|x86.Build.0 = Release|x86
		{2831EB1B-DF07-4ABA-8FBB-D123688D61F6}.AppStore|x86.Deploy.0 = Release|x86
		{2831EB1B-DF07-4ABA-8FBB-D123688D61F6}.Debug|Any CPU.ActiveCfg = Debug|x86
		{2831EB1B-DF07-4ABA-8FBB-D123688D61F6}.Debug|ARM.ActiveCfg = Debug|ARM
		{2831EB1B-DF07-4ABA-8FBB-D123688D61F6}.Debug|ARM.Build.0 = Debug|ARM
		{2831EB1B-DF07-4ABA-8FBB-D123688D61F6}.Debug|ARM.Deploy.0 = Debug|ARM
		{2831EB1B-DF07-4ABA-8FBB-D123688D61F6}.Debug|iPhone.ActiveCfg = Debug|x86
		{2831EB1B-DF07-4ABA-8FBB-D123688D61F6}.Debug|iPhoneSimulator.ActiveCfg = Debug|x86
		{2831EB1B-DF07-4ABA-8FBB-D123688D61F6}.Debug|x64.ActiveCfg = Debug|x64
		{2831EB1B-DF07-4ABA-8FBB-D123688D61F6}.Debug|x64.Build.0 = Debug|x64
		{2831EB1B-DF07-4ABA-8FBB-D123688D61F6}.Debug|x64.Deploy.0 = Debug|x64
		{2831EB1B-DF07-4ABA-8FBB-D123688D61F6}.Debug|x86.ActiveCfg = Debug|x86
		{2831EB1B-DF07-4ABA-8FBB-D123688D61F6}.Debug|x86.Build.0 = Debug|x86
		{2831EB1B-DF07-4ABA-8FBB-D123688D61F6}.Debug|x86.Deploy.0 = Debug|x86
		{2831EB1B-DF07-4ABA-8FBB-D123688D61F6}.Release|Any CPU.ActiveCfg = Release|x86
		{2831EB1B-DF07-4ABA-8FBB-D123688D61F6}.Release|ARM.ActiveCfg = Release|ARM
		{2831EB1B-DF07-4ABA-8FBB-D123688D61F6}.Release|ARM.Build.0 = Release|ARM
		{2831EB1B-DF07-4ABA-8FBB-D123688D61F6}.Release|ARM.Deploy.0 = Release|ARM
		{2831EB1B-DF07-4ABA-8FBB-D123688D61F6}.Release|iPhone.ActiveCfg = Release|x86
		{2831EB1B-DF07-4ABA-8FBB-D123688D61F6}.Release|iPhoneSimulator.ActiveCfg = Release|x86
		{2831EB1B-DF07-4ABA-8FBB-D123688D61F6}.Release|x64.ActiveCfg = Release|x64
		{2831EB1B-DF07-4ABA-8FBB-D123688D61F6}.Release|x64.Build.0 = Release|x64
		{2831EB1B-DF07-4ABA-8FBB-D123688D61F6}.Release|x64.Deploy.0 = Release|x64
		{2831EB1B-DF07-4ABA-8FBB-D123688D61F6}.Release|x86.ActiveCfg = Release|x86
		{2831EB1B-DF07-4ABA-8FBB-D123688D61F6}.Release|x86.Build.0 = Release|x86
		{2831EB1B-DF07-4ABA-8FBB-D123688D61F6}.Release|x86.Deploy.0 = Release|x86
		{04A454D8-D218-4220-9334-60D1D4AE629A}.Ad-Hoc|Any CPU.ActiveCfg = Release|Any CPU
		{04A454D8-D218-4220-9334-60D1D4AE629A}.Ad-Hoc|Any CPU.Build.0 = Release|Any CPU
		{04A454D8-D218-4220-9334-60D1D4AE629A}.Ad-Hoc|ARM.ActiveCfg = Release|Any CPU
		{04A454D8-D218-4220-9334-60D1D4AE629A}.Ad-Hoc|ARM.Build.0 = Release|Any CPU
		{04A454D8-D218-4220-9334-60D1D4AE629A}.Ad-Hoc|iPhone.ActiveCfg = Release|Any CPU
		{04A454D8-D218-4220-9334-60D1D4AE629A}.Ad-Hoc|iPhone.Build.0 = Release|Any CPU
		{04A454D8-D218-4220-9334-60D1D4AE629A}.Ad-Hoc|iPhoneSimulator.ActiveCfg = Release|Any CPU
		{04A454D8-D218-4220-9334-60D1D4AE629A}.Ad-Hoc|iPhoneSimulator.Build.0 = Release|Any CPU
		{04A454D8-D218-4220-9334-60D1D4AE629A}.Ad-Hoc|x64.ActiveCfg = Release|Any CPU
		{04A454D8-D218-4220-9334-60D1D4AE629A}.Ad-Hoc|x64.Build.0 = Release|Any CPU
		{04A454D8-D218-4220-9334-60D1D4AE629A}.Ad-Hoc|x86.ActiveCfg = Release|Any CPU
		{04A454D8-D218-4220-9334-60D1D4AE629A}.Ad-Hoc|x86.Build.0 = Release|Any CPU
		{04A454D8-D218-4220-9334-60D1D4AE629A}.AppStore|Any CPU.ActiveCfg = Release|Any CPU
		{04A454D8-D218-4220-9334-60D1D4AE629A}.AppStore|Any CPU.Build.0 = Release|Any CPU
		{04A454D8-D218-4220-9334-60D1D4AE629A}.AppStore|ARM.ActiveCfg = Release|Any CPU
		{04A454D8-D218-4220-9334-60D1D4AE629A}.AppStore|ARM.Build.0 = Release|Any CPU
		{04A454D8-D218-4220-9334-60D1D4AE629A}.AppStore|iPhone.ActiveCfg = Release|Any CPU
		{04A454D8-D218-4220-9334-60D1D4AE629A}.AppStore|iPhone.Build.0 = Release|Any CPU
		{04A454D8-D218-4220-9334-60D1D4AE629A}.AppStore|iPhoneSimulator.ActiveCfg = Release|Any CPU
		{04A454D8-D218-4220-9334-60D1D4AE629A}.AppStore|iPhoneSimulator.Build.0 = Release|Any CPU
		{04A454D8-D218-4220-9334-60D1D4AE629A}.AppStore|x64.ActiveCfg = Release|Any CPU
		{04A454D8-D218-4220-9334-60D1D4AE629A}.AppStore|x64.Build.0 = Release|Any CPU
		{04A454D8-D218-4220-9334-60D1D4AE629A}.AppStore|x86.ActiveCfg = Release|Any CPU
		{04A454D8-D218-4220-9334-60D1D4AE629A}.AppStore|x86.Build.0 = Release|Any CPU
		{04A454D8-D218-4220-9334-60D1D4AE629A}.Debug|Any CPU.ActiveCfg = Debug|Any CPU
		{04A454D8-D218-4220-9334-60D1D4AE629A}.Debug|Any CPU.Build.0 = Debug|Any CPU
		{04A454D8-D218-4220-9334-60D1D4AE629A}.Debug|ARM.ActiveCfg = Debug|Any CPU
		{04A454D8-D218-4220-9334-60D1D4AE629A}.Debug|ARM.Build.0 = Debug|Any CPU
		{04A454D8-D218-4220-9334-60D1D4AE629A}.Debug|iPhone.ActiveCfg = Debug|Any CPU
		{04A454D8-D218-4220-9334-60D1D4AE629A}.Debug|iPhone.Build.0 = Debug|Any CPU
		{04A454D8-D218-4220-9334-60D1D4AE629A}.Debug|iPhoneSimulator.ActiveCfg = Debug|Any CPU
		{04A454D8-D218-4220-9334-60D1D4AE629A}.Debug|iPhoneSimulator.Build.0 = Debug|Any CPU
		{04A454D8-D218-4220-9334-60D1D4AE629A}.Debug|x64.ActiveCfg = Debug|Any CPU
		{04A454D8-D218-4220-9334-60D1D4AE629A}.Debug|x64.Build.0 = Debug|Any CPU
		{04A454D8-D218-4220-9334-60D1D4AE629A}.Debug|x86.ActiveCfg = Debug|Any CPU
		{04A454D8-D218-4220-9334-60D1D4AE629A}.Debug|x86.Build.0 = Debug|Any CPU
		{04A454D8-D218-4220-9334-60D1D4AE629A}.Release|Any CPU.ActiveCfg = Release|Any CPU
		{04A454D8-D218-4220-9334-60D1D4AE629A}.Release|Any CPU.Build.0 = Release|Any CPU
		{04A454D8-D218-4220-9334-60D1D4AE629A}.Release|ARM.ActiveCfg = Release|Any CPU
		{04A454D8-D218-4220-9334-60D1D4AE629A}.Release|ARM.Build.0 = Release|Any CPU
		{04A454D8-D218-4220-9334-60D1D4AE629A}.Release|iPhone.ActiveCfg = Release|Any CPU
		{04A454D8-D218-4220-9334-60D1D4AE629A}.Release|iPhone.Build.0 = Release|Any CPU
		{04A454D8-D218-4220-9334-60D1D4AE629A}.Release|iPhoneSimulator.ActiveCfg = Release|Any CPU
		{04A454D8-D218-4220-9334-60D1D4AE629A}.Release|iPhoneSimulator.Build.0 = Release|Any CPU
		{04A454D8-D218-4220-9334-60D1D4AE629A}.Release|x64.ActiveCfg = Release|Any CPU
		{04A454D8-D218-4220-9334-60D1D4AE629A}.Release|x64.Build.0 = Release|Any CPU
		{04A454D8-D218-4220-9334-60D1D4AE629A}.Release|x86.ActiveCfg = Release|Any CPU
		{04A454D8-D218-4220-9334-60D1D4AE629A}.Release|x86.Build.0 = Release|Any CPU
		{77E0A7FB-4D28-4578-AF26-AF6013FC68F9}.Ad-Hoc|Any CPU.ActiveCfg = Release|Any CPU
		{77E0A7FB-4D28-4578-AF26-AF6013FC68F9}.Ad-Hoc|Any CPU.Build.0 = Release|Any CPU
		{77E0A7FB-4D28-4578-AF26-AF6013FC68F9}.Ad-Hoc|ARM.ActiveCfg = Release|Any CPU
		{77E0A7FB-4D28-4578-AF26-AF6013FC68F9}.Ad-Hoc|ARM.Build.0 = Release|Any CPU
		{77E0A7FB-4D28-4578-AF26-AF6013FC68F9}.Ad-Hoc|iPhone.ActiveCfg = Release|Any CPU
		{77E0A7FB-4D28-4578-AF26-AF6013FC68F9}.Ad-Hoc|iPhone.Build.0 = Release|Any CPU
		{77E0A7FB-4D28-4578-AF26-AF6013FC68F9}.Ad-Hoc|iPhoneSimulator.ActiveCfg = Release|Any CPU
		{77E0A7FB-4D28-4578-AF26-AF6013FC68F9}.Ad-Hoc|iPhoneSimulator.Build.0 = Release|Any CPU
		{77E0A7FB-4D28-4578-AF26-AF6013FC68F9}.Ad-Hoc|x64.ActiveCfg = Release|Any CPU
		{77E0A7FB-4D28-4578-AF26-AF6013FC68F9}.Ad-Hoc|x64.Build.0 = Release|Any CPU
		{77E0A7FB-4D28-4578-AF26-AF6013FC68F9}.Ad-Hoc|x86.ActiveCfg = Release|Any CPU
		{77E0A7FB-4D28-4578-AF26-AF6013FC68F9}.Ad-Hoc|x86.Build.0 = Release|Any CPU
		{77E0A7FB-4D28-4578-AF26-AF6013FC68F9}.AppStore|Any CPU.ActiveCfg = Release|Any CPU
		{77E0A7FB-4D28-4578-AF26-AF6013FC68F9}.AppStore|Any CPU.Build.0 = Release|Any CPU
		{77E0A7FB-4D28-4578-AF26-AF6013FC68F9}.AppStore|ARM.ActiveCfg = Release|Any CPU
		{77E0A7FB-4D28-4578-AF26-AF6013FC68F9}.AppStore|ARM.Build.0 = Release|Any CPU
		{77E0A7FB-4D28-4578-AF26-AF6013FC68F9}.AppStore|iPhone.ActiveCfg = Release|Any CPU
		{77E0A7FB-4D28-4578-AF26-AF6013FC68F9}.AppStore|iPhone.Build.0 = Release|Any CPU
		{77E0A7FB-4D28-4578-AF26-AF6013FC68F9}.AppStore|iPhoneSimulator.ActiveCfg = Release|Any CPU
		{77E0A7FB-4D28-4578-AF26-AF6013FC68F9}.AppStore|iPhoneSimulator.Build.0 = Release|Any CPU
		{77E0A7FB-4D28-4578-AF26-AF6013FC68F9}.AppStore|x64.ActiveCfg = Release|Any CPU
		{77E0A7FB-4D28-4578-AF26-AF6013FC68F9}.AppStore|x64.Build.0 = Release|Any CPU
		{77E0A7FB-4D28-4578-AF26-AF6013FC68F9}.AppStore|x86.ActiveCfg = Release|Any CPU
		{77E0A7FB-4D28-4578-AF26-AF6013FC68F9}.AppStore|x86.Build.0 = Release|Any CPU
		{77E0A7FB-4D28-4578-AF26-AF6013FC68F9}.Debug|Any CPU.ActiveCfg = Debug|Any CPU
		{77E0A7FB-4D28-4578-AF26-AF6013FC68F9}.Debug|Any CPU.Build.0 = Debug|Any CPU
		{77E0A7FB-4D28-4578-AF26-AF6013FC68F9}.Debug|ARM.ActiveCfg = Debug|Any CPU
		{77E0A7FB-4D28-4578-AF26-AF6013FC68F9}.Debug|ARM.Build.0 = Debug|Any CPU
		{77E0A7FB-4D28-4578-AF26-AF6013FC68F9}.Debug|iPhone.ActiveCfg = Debug|Any CPU
		{77E0A7FB-4D28-4578-AF26-AF6013FC68F9}.Debug|iPhone.Build.0 = Debug|Any CPU
		{77E0A7FB-4D28-4578-AF26-AF6013FC68F9}.Debug|iPhoneSimulator.ActiveCfg = Debug|Any CPU
		{77E0A7FB-4D28-4578-AF26-AF6013FC68F9}.Debug|iPhoneSimulator.Build.0 = Debug|Any CPU
		{77E0A7FB-4D28-4578-AF26-AF6013FC68F9}.Debug|x64.ActiveCfg = Debug|Any CPU
		{77E0A7FB-4D28-4578-AF26-AF6013FC68F9}.Debug|x64.Build.0 = Debug|Any CPU
		{77E0A7FB-4D28-4578-AF26-AF6013FC68F9}.Debug|x86.ActiveCfg = Debug|Any CPU
		{77E0A7FB-4D28-4578-AF26-AF6013FC68F9}.Debug|x86.Build.0 = Debug|Any CPU
		{77E0A7FB-4D28-4578-AF26-AF6013FC68F9}.Release|Any CPU.ActiveCfg = Release|Any CPU
		{77E0A7FB-4D28-4578-AF26-AF6013FC68F9}.Release|Any CPU.Build.0 = Release|Any CPU
		{77E0A7FB-4D28-4578-AF26-AF6013FC68F9}.Release|ARM.ActiveCfg = Release|Any CPU
		{77E0A7FB-4D28-4578-AF26-AF6013FC68F9}.Release|ARM.Build.0 = Release|Any CPU
		{77E0A7FB-4D28-4578-AF26-AF6013FC68F9}.Release|iPhone.ActiveCfg = Release|Any CPU
		{77E0A7FB-4D28-4578-AF26-AF6013FC68F9}.Release|iPhone.Build.0 = Release|Any CPU
		{77E0A7FB-4D28-4578-AF26-AF6013FC68F9}.Release|iPhoneSimulator.ActiveCfg = Release|Any CPU
		{77E0A7FB-4D28-4578-AF26-AF6013FC68F9}.Release|iPhoneSimulator.Build.0 = Release|Any CPU
		{77E0A7FB-4D28-4578-AF26-AF6013FC68F9}.Release|x64.ActiveCfg = Release|Any CPU
		{77E0A7FB-4D28-4578-AF26-AF6013FC68F9}.Release|x64.Build.0 = Release|Any CPU
		{77E0A7FB-4D28-4578-AF26-AF6013FC68F9}.Release|x86.ActiveCfg = Release|Any CPU
		{77E0A7FB-4D28-4578-AF26-AF6013FC68F9}.Release|x86.Build.0 = Release|Any CPU
		{4C39A7E6-F6AC-4792-B801-6DA0C7EC4909}.Ad-Hoc|Any CPU.ActiveCfg = Debug|Any CPU
		{4C39A7E6-F6AC-4792-B801-6DA0C7EC4909}.Ad-Hoc|Any CPU.Build.0 = Debug|Any CPU
		{4C39A7E6-F6AC-4792-B801-6DA0C7EC4909}.Ad-Hoc|ARM.ActiveCfg = Debug|Any CPU
		{4C39A7E6-F6AC-4792-B801-6DA0C7EC4909}.Ad-Hoc|ARM.Build.0 = Debug|Any CPU
		{4C39A7E6-F6AC-4792-B801-6DA0C7EC4909}.Ad-Hoc|iPhone.ActiveCfg = Debug|Any CPU
		{4C39A7E6-F6AC-4792-B801-6DA0C7EC4909}.Ad-Hoc|iPhone.Build.0 = Debug|Any CPU
		{4C39A7E6-F6AC-4792-B801-6DA0C7EC4909}.Ad-Hoc|iPhoneSimulator.ActiveCfg = Debug|Any CPU
		{4C39A7E6-F6AC-4792-B801-6DA0C7EC4909}.Ad-Hoc|iPhoneSimulator.Build.0 = Debug|Any CPU
		{4C39A7E6-F6AC-4792-B801-6DA0C7EC4909}.Ad-Hoc|x64.ActiveCfg = Debug|Any CPU
		{4C39A7E6-F6AC-4792-B801-6DA0C7EC4909}.Ad-Hoc|x64.Build.0 = Debug|Any CPU
		{4C39A7E6-F6AC-4792-B801-6DA0C7EC4909}.Ad-Hoc|x86.ActiveCfg = Debug|Any CPU
		{4C39A7E6-F6AC-4792-B801-6DA0C7EC4909}.Ad-Hoc|x86.Build.0 = Debug|Any CPU
		{4C39A7E6-F6AC-4792-B801-6DA0C7EC4909}.AppStore|Any CPU.ActiveCfg = Debug|Any CPU
		{4C39A7E6-F6AC-4792-B801-6DA0C7EC4909}.AppStore|Any CPU.Build.0 = Debug|Any CPU
		{4C39A7E6-F6AC-4792-B801-6DA0C7EC4909}.AppStore|ARM.ActiveCfg = Debug|Any CPU
		{4C39A7E6-F6AC-4792-B801-6DA0C7EC4909}.AppStore|ARM.Build.0 = Debug|Any CPU
		{4C39A7E6-F6AC-4792-B801-6DA0C7EC4909}.AppStore|iPhone.ActiveCfg = Debug|Any CPU
		{4C39A7E6-F6AC-4792-B801-6DA0C7EC4909}.AppStore|iPhone.Build.0 = Debug|Any CPU
		{4C39A7E6-F6AC-4792-B801-6DA0C7EC4909}.AppStore|iPhoneSimulator.ActiveCfg = Debug|Any CPU
		{4C39A7E6-F6AC-4792-B801-6DA0C7EC4909}.AppStore|iPhoneSimulator.Build.0 = Debug|Any CPU
		{4C39A7E6-F6AC-4792-B801-6DA0C7EC4909}.AppStore|x64.ActiveCfg = Debug|Any CPU
		{4C39A7E6-F6AC-4792-B801-6DA0C7EC4909}.AppStore|x64.Build.0 = Debug|Any CPU
		{4C39A7E6-F6AC-4792-B801-6DA0C7EC4909}.AppStore|x86.ActiveCfg = Debug|Any CPU
		{4C39A7E6-F6AC-4792-B801-6DA0C7EC4909}.AppStore|x86.Build.0 = Debug|Any CPU
		{4C39A7E6-F6AC-4792-B801-6DA0C7EC4909}.Debug|Any CPU.ActiveCfg = Debug|Any CPU
		{4C39A7E6-F6AC-4792-B801-6DA0C7EC4909}.Debug|Any CPU.Build.0 = Debug|Any CPU
		{4C39A7E6-F6AC-4792-B801-6DA0C7EC4909}.Debug|ARM.ActiveCfg = Debug|Any CPU
		{4C39A7E6-F6AC-4792-B801-6DA0C7EC4909}.Debug|ARM.Build.0 = Debug|Any CPU
		{4C39A7E6-F6AC-4792-B801-6DA0C7EC4909}.Debug|iPhone.ActiveCfg = Debug|Any CPU
		{4C39A7E6-F6AC-4792-B801-6DA0C7EC4909}.Debug|iPhone.Build.0 = Debug|Any CPU
		{4C39A7E6-F6AC-4792-B801-6DA0C7EC4909}.Debug|iPhoneSimulator.ActiveCfg = Debug|Any CPU
		{4C39A7E6-F6AC-4792-B801-6DA0C7EC4909}.Debug|iPhoneSimulator.Build.0 = Debug|Any CPU
		{4C39A7E6-F6AC-4792-B801-6DA0C7EC4909}.Debug|x64.ActiveCfg = Debug|Any CPU
		{4C39A7E6-F6AC-4792-B801-6DA0C7EC4909}.Debug|x64.Build.0 = Debug|Any CPU
		{4C39A7E6-F6AC-4792-B801-6DA0C7EC4909}.Debug|x86.ActiveCfg = Debug|Any CPU
		{4C39A7E6-F6AC-4792-B801-6DA0C7EC4909}.Debug|x86.Build.0 = Debug|Any CPU
		{4C39A7E6-F6AC-4792-B801-6DA0C7EC4909}.Release|Any CPU.ActiveCfg = Release|Any CPU
		{4C39A7E6-F6AC-4792-B801-6DA0C7EC4909}.Release|Any CPU.Build.0 = Release|Any CPU
		{4C39A7E6-F6AC-4792-B801-6DA0C7EC4909}.Release|ARM.ActiveCfg = Release|Any CPU
		{4C39A7E6-F6AC-4792-B801-6DA0C7EC4909}.Release|ARM.Build.0 = Release|Any CPU
		{4C39A7E6-F6AC-4792-B801-6DA0C7EC4909}.Release|iPhone.ActiveCfg = Release|Any CPU
		{4C39A7E6-F6AC-4792-B801-6DA0C7EC4909}.Release|iPhone.Build.0 = Release|Any CPU
		{4C39A7E6-F6AC-4792-B801-6DA0C7EC4909}.Release|iPhoneSimulator.ActiveCfg = Release|Any CPU
		{4C39A7E6-F6AC-4792-B801-6DA0C7EC4909}.Release|iPhoneSimulator.Build.0 = Release|Any CPU
		{4C39A7E6-F6AC-4792-B801-6DA0C7EC4909}.Release|x64.ActiveCfg = Release|Any CPU
		{4C39A7E6-F6AC-4792-B801-6DA0C7EC4909}.Release|x64.Build.0 = Release|Any CPU
		{4C39A7E6-F6AC-4792-B801-6DA0C7EC4909}.Release|x86.ActiveCfg = Release|Any CPU
		{4C39A7E6-F6AC-4792-B801-6DA0C7EC4909}.Release|x86.Build.0 = Release|Any CPU
		{2F2D144B-9CCE-4F99-BD9B-DA09E03EE97E}.Ad-Hoc|Any CPU.ActiveCfg = Release|Any CPU
		{2F2D144B-9CCE-4F99-BD9B-DA09E03EE97E}.Ad-Hoc|Any CPU.Build.0 = Release|Any CPU
		{2F2D144B-9CCE-4F99-BD9B-DA09E03EE97E}.Ad-Hoc|ARM.ActiveCfg = Release|Any CPU
		{2F2D144B-9CCE-4F99-BD9B-DA09E03EE97E}.Ad-Hoc|ARM.Build.0 = Release|Any CPU
		{2F2D144B-9CCE-4F99-BD9B-DA09E03EE97E}.Ad-Hoc|iPhone.ActiveCfg = Release|Any CPU
		{2F2D144B-9CCE-4F99-BD9B-DA09E03EE97E}.Ad-Hoc|iPhone.Build.0 = Release|Any CPU
		{2F2D144B-9CCE-4F99-BD9B-DA09E03EE97E}.Ad-Hoc|iPhoneSimulator.ActiveCfg = Release|Any CPU
		{2F2D144B-9CCE-4F99-BD9B-DA09E03EE97E}.Ad-Hoc|iPhoneSimulator.Build.0 = Release|Any CPU
		{2F2D144B-9CCE-4F99-BD9B-DA09E03EE97E}.Ad-Hoc|x64.ActiveCfg = Release|Any CPU
		{2F2D144B-9CCE-4F99-BD9B-DA09E03EE97E}.Ad-Hoc|x64.Build.0 = Release|Any CPU
		{2F2D144B-9CCE-4F99-BD9B-DA09E03EE97E}.Ad-Hoc|x86.ActiveCfg = Release|Any CPU
		{2F2D144B-9CCE-4F99-BD9B-DA09E03EE97E}.Ad-Hoc|x86.Build.0 = Release|Any CPU
		{2F2D144B-9CCE-4F99-BD9B-DA09E03EE97E}.AppStore|Any CPU.ActiveCfg = Release|Any CPU
		{2F2D144B-9CCE-4F99-BD9B-DA09E03EE97E}.AppStore|Any CPU.Build.0 = Release|Any CPU
		{2F2D144B-9CCE-4F99-BD9B-DA09E03EE97E}.AppStore|ARM.ActiveCfg = Release|Any CPU
		{2F2D144B-9CCE-4F99-BD9B-DA09E03EE97E}.AppStore|ARM.Build.0 = Release|Any CPU
		{2F2D144B-9CCE-4F99-BD9B-DA09E03EE97E}.AppStore|iPhone.ActiveCfg = Release|Any CPU
		{2F2D144B-9CCE-4F99-BD9B-DA09E03EE97E}.AppStore|iPhone.Build.0 = Release|Any CPU
		{2F2D144B-9CCE-4F99-BD9B-DA09E03EE97E}.AppStore|iPhoneSimulator.ActiveCfg = Release|Any CPU
		{2F2D144B-9CCE-4F99-BD9B-DA09E03EE97E}.AppStore|iPhoneSimulator.Build.0 = Release|Any CPU
		{2F2D144B-9CCE-4F99-BD9B-DA09E03EE97E}.AppStore|x64.ActiveCfg = Release|Any CPU
		{2F2D144B-9CCE-4F99-BD9B-DA09E03EE97E}.AppStore|x64.Build.0 = Release|Any CPU
		{2F2D144B-9CCE-4F99-BD9B-DA09E03EE97E}.AppStore|x86.ActiveCfg = Release|Any CPU
		{2F2D144B-9CCE-4F99-BD9B-DA09E03EE97E}.AppStore|x86.Build.0 = Release|Any CPU
		{2F2D144B-9CCE-4F99-BD9B-DA09E03EE97E}.Debug|Any CPU.ActiveCfg = Debug|Any CPU
		{2F2D144B-9CCE-4F99-BD9B-DA09E03EE97E}.Debug|Any CPU.Build.0 = Debug|Any CPU
		{2F2D144B-9CCE-4F99-BD9B-DA09E03EE97E}.Debug|ARM.ActiveCfg = Debug|Any CPU
		{2F2D144B-9CCE-4F99-BD9B-DA09E03EE97E}.Debug|ARM.Build.0 = Debug|Any CPU
		{2F2D144B-9CCE-4F99-BD9B-DA09E03EE97E}.Debug|iPhone.ActiveCfg = Debug|Any CPU
		{2F2D144B-9CCE-4F99-BD9B-DA09E03EE97E}.Debug|iPhone.Build.0 = Debug|Any CPU
		{2F2D144B-9CCE-4F99-BD9B-DA09E03EE97E}.Debug|iPhoneSimulator.ActiveCfg = Debug|Any CPU
		{2F2D144B-9CCE-4F99-BD9B-DA09E03EE97E}.Debug|iPhoneSimulator.Build.0 = Debug|Any CPU
		{2F2D144B-9CCE-4F99-BD9B-DA09E03EE97E}.Debug|x64.ActiveCfg = Debug|Any CPU
		{2F2D144B-9CCE-4F99-BD9B-DA09E03EE97E}.Debug|x64.Build.0 = Debug|Any CPU
		{2F2D144B-9CCE-4F99-BD9B-DA09E03EE97E}.Debug|x86.ActiveCfg = Debug|Any CPU
		{2F2D144B-9CCE-4F99-BD9B-DA09E03EE97E}.Debug|x86.Build.0 = Debug|Any CPU
		{2F2D144B-9CCE-4F99-BD9B-DA09E03EE97E}.Release|Any CPU.ActiveCfg = Release|Any CPU
		{2F2D144B-9CCE-4F99-BD9B-DA09E03EE97E}.Release|Any CPU.Build.0 = Release|Any CPU
		{2F2D144B-9CCE-4F99-BD9B-DA09E03EE97E}.Release|ARM.ActiveCfg = Release|Any CPU
		{2F2D144B-9CCE-4F99-BD9B-DA09E03EE97E}.Release|ARM.Build.0 = Release|Any CPU
		{2F2D144B-9CCE-4F99-BD9B-DA09E03EE97E}.Release|iPhone.ActiveCfg = Release|Any CPU
		{2F2D144B-9CCE-4F99-BD9B-DA09E03EE97E}.Release|iPhone.Build.0 = Release|Any CPU
		{2F2D144B-9CCE-4F99-BD9B-DA09E03EE97E}.Release|iPhoneSimulator.ActiveCfg = Release|Any CPU
		{2F2D144B-9CCE-4F99-BD9B-DA09E03EE97E}.Release|iPhoneSimulator.Build.0 = Release|Any CPU
		{2F2D144B-9CCE-4F99-BD9B-DA09E03EE97E}.Release|x64.ActiveCfg = Release|Any CPU
		{2F2D144B-9CCE-4F99-BD9B-DA09E03EE97E}.Release|x64.Build.0 = Release|Any CPU
		{2F2D144B-9CCE-4F99-BD9B-DA09E03EE97E}.Release|x86.ActiveCfg = Release|Any CPU
		{2F2D144B-9CCE-4F99-BD9B-DA09E03EE97E}.Release|x86.Build.0 = Release|Any CPU
		{99FD5AA5-825E-4D34-A1FD-8EEB05608EE5}.Ad-Hoc|Any CPU.ActiveCfg = Release|Any CPU
		{99FD5AA5-825E-4D34-A1FD-8EEB05608EE5}.Ad-Hoc|Any CPU.Build.0 = Release|Any CPU
		{99FD5AA5-825E-4D34-A1FD-8EEB05608EE5}.Ad-Hoc|ARM.ActiveCfg = Release|Any CPU
		{99FD5AA5-825E-4D34-A1FD-8EEB05608EE5}.Ad-Hoc|ARM.Build.0 = Release|Any CPU
		{99FD5AA5-825E-4D34-A1FD-8EEB05608EE5}.Ad-Hoc|iPhone.ActiveCfg = Release|Any CPU
		{99FD5AA5-825E-4D34-A1FD-8EEB05608EE5}.Ad-Hoc|iPhone.Build.0 = Release|Any CPU
		{99FD5AA5-825E-4D34-A1FD-8EEB05608EE5}.Ad-Hoc|iPhoneSimulator.ActiveCfg = Release|Any CPU
		{99FD5AA5-825E-4D34-A1FD-8EEB05608EE5}.Ad-Hoc|iPhoneSimulator.Build.0 = Release|Any CPU
		{99FD5AA5-825E-4D34-A1FD-8EEB05608EE5}.Ad-Hoc|x64.ActiveCfg = Release|Any CPU
		{99FD5AA5-825E-4D34-A1FD-8EEB05608EE5}.Ad-Hoc|x64.Build.0 = Release|Any CPU
		{99FD5AA5-825E-4D34-A1FD-8EEB05608EE5}.Ad-Hoc|x86.ActiveCfg = Release|Any CPU
		{99FD5AA5-825E-4D34-A1FD-8EEB05608EE5}.Ad-Hoc|x86.Build.0 = Release|Any CPU
		{99FD5AA5-825E-4D34-A1FD-8EEB05608EE5}.AppStore|Any CPU.ActiveCfg = Release|Any CPU
		{99FD5AA5-825E-4D34-A1FD-8EEB05608EE5}.AppStore|Any CPU.Build.0 = Release|Any CPU
		{99FD5AA5-825E-4D34-A1FD-8EEB05608EE5}.AppStore|ARM.ActiveCfg = Release|Any CPU
		{99FD5AA5-825E-4D34-A1FD-8EEB05608EE5}.AppStore|ARM.Build.0 = Release|Any CPU
		{99FD5AA5-825E-4D34-A1FD-8EEB05608EE5}.AppStore|iPhone.ActiveCfg = Release|Any CPU
		{99FD5AA5-825E-4D34-A1FD-8EEB05608EE5}.AppStore|iPhone.Build.0 = Release|Any CPU
		{99FD5AA5-825E-4D34-A1FD-8EEB05608EE5}.AppStore|iPhoneSimulator.ActiveCfg = Release|Any CPU
		{99FD5AA5-825E-4D34-A1FD-8EEB05608EE5}.AppStore|iPhoneSimulator.Build.0 = Release|Any CPU
		{99FD5AA5-825E-4D34-A1FD-8EEB05608EE5}.AppStore|x64.ActiveCfg = Release|Any CPU
		{99FD5AA5-825E-4D34-A1FD-8EEB05608EE5}.AppStore|x64.Build.0 = Release|Any CPU
		{99FD5AA5-825E-4D34-A1FD-8EEB05608EE5}.AppStore|x86.ActiveCfg = Release|Any CPU
		{99FD5AA5-825E-4D34-A1FD-8EEB05608EE5}.AppStore|x86.Build.0 = Release|Any CPU
		{99FD5AA5-825E-4D34-A1FD-8EEB05608EE5}.Debug|Any CPU.ActiveCfg = Debug|Any CPU
		{99FD5AA5-825E-4D34-A1FD-8EEB05608EE5}.Debug|Any CPU.Build.0 = Debug|Any CPU
		{99FD5AA5-825E-4D34-A1FD-8EEB05608EE5}.Debug|ARM.ActiveCfg = Debug|Any CPU
		{99FD5AA5-825E-4D34-A1FD-8EEB05608EE5}.Debug|ARM.Build.0 = Debug|Any CPU
		{99FD5AA5-825E-4D34-A1FD-8EEB05608EE5}.Debug|iPhone.ActiveCfg = Debug|Any CPU
		{99FD5AA5-825E-4D34-A1FD-8EEB05608EE5}.Debug|iPhone.Build.0 = Debug|Any CPU
		{99FD5AA5-825E-4D34-A1FD-8EEB05608EE5}.Debug|iPhoneSimulator.ActiveCfg = Debug|Any CPU
		{99FD5AA5-825E-4D34-A1FD-8EEB05608EE5}.Debug|iPhoneSimulator.Build.0 = Debug|Any CPU
		{99FD5AA5-825E-4D34-A1FD-8EEB05608EE5}.Debug|x64.ActiveCfg = Debug|Any CPU
		{99FD5AA5-825E-4D34-A1FD-8EEB05608EE5}.Debug|x64.Build.0 = Debug|Any CPU
		{99FD5AA5-825E-4D34-A1FD-8EEB05608EE5}.Debug|x86.ActiveCfg = Debug|Any CPU
		{99FD5AA5-825E-4D34-A1FD-8EEB05608EE5}.Debug|x86.Build.0 = Debug|Any CPU
		{99FD5AA5-825E-4D34-A1FD-8EEB05608EE5}.Release|Any CPU.ActiveCfg = Release|Any CPU
		{99FD5AA5-825E-4D34-A1FD-8EEB05608EE5}.Release|Any CPU.Build.0 = Release|Any CPU
		{99FD5AA5-825E-4D34-A1FD-8EEB05608EE5}.Release|ARM.ActiveCfg = Release|Any CPU
		{99FD5AA5-825E-4D34-A1FD-8EEB05608EE5}.Release|ARM.Build.0 = Release|Any CPU
		{99FD5AA5-825E-4D34-A1FD-8EEB05608EE5}.Release|iPhone.ActiveCfg = Release|Any CPU
		{99FD5AA5-825E-4D34-A1FD-8EEB05608EE5}.Release|iPhone.Build.0 = Release|Any CPU
		{99FD5AA5-825E-4D34-A1FD-8EEB05608EE5}.Release|iPhoneSimulator.ActiveCfg = Release|Any CPU
		{99FD5AA5-825E-4D34-A1FD-8EEB05608EE5}.Release|iPhoneSimulator.Build.0 = Release|Any CPU
		{99FD5AA5-825E-4D34-A1FD-8EEB05608EE5}.Release|x64.ActiveCfg = Release|Any CPU
		{99FD5AA5-825E-4D34-A1FD-8EEB05608EE5}.Release|x64.Build.0 = Release|Any CPU
		{99FD5AA5-825E-4D34-A1FD-8EEB05608EE5}.Release|x86.ActiveCfg = Release|Any CPU
		{99FD5AA5-825E-4D34-A1FD-8EEB05608EE5}.Release|x86.Build.0 = Release|Any CPU
		{4F1C9355-B571-46C5-94DB-1C21BBF5B8C6}.Ad-Hoc|Any CPU.ActiveCfg = Release|Any CPU
		{4F1C9355-B571-46C5-94DB-1C21BBF5B8C6}.Ad-Hoc|Any CPU.Build.0 = Release|Any CPU
		{4F1C9355-B571-46C5-94DB-1C21BBF5B8C6}.Ad-Hoc|ARM.ActiveCfg = Release|ARM
		{4F1C9355-B571-46C5-94DB-1C21BBF5B8C6}.Ad-Hoc|ARM.Build.0 = Release|ARM
		{4F1C9355-B571-46C5-94DB-1C21BBF5B8C6}.Ad-Hoc|iPhone.ActiveCfg = Release|Any CPU
		{4F1C9355-B571-46C5-94DB-1C21BBF5B8C6}.Ad-Hoc|iPhone.Build.0 = Release|Any CPU
		{4F1C9355-B571-46C5-94DB-1C21BBF5B8C6}.Ad-Hoc|iPhoneSimulator.ActiveCfg = Release|Any CPU
		{4F1C9355-B571-46C5-94DB-1C21BBF5B8C6}.Ad-Hoc|iPhoneSimulator.Build.0 = Release|Any CPU
		{4F1C9355-B571-46C5-94DB-1C21BBF5B8C6}.Ad-Hoc|x64.ActiveCfg = Release|x64
		{4F1C9355-B571-46C5-94DB-1C21BBF5B8C6}.Ad-Hoc|x64.Build.0 = Release|x64
		{4F1C9355-B571-46C5-94DB-1C21BBF5B8C6}.Ad-Hoc|x86.ActiveCfg = Release|x86
		{4F1C9355-B571-46C5-94DB-1C21BBF5B8C6}.Ad-Hoc|x86.Build.0 = Release|x86
		{4F1C9355-B571-46C5-94DB-1C21BBF5B8C6}.AppStore|Any CPU.ActiveCfg = Release|Any CPU
		{4F1C9355-B571-46C5-94DB-1C21BBF5B8C6}.AppStore|Any CPU.Build.0 = Release|Any CPU
		{4F1C9355-B571-46C5-94DB-1C21BBF5B8C6}.AppStore|ARM.ActiveCfg = Release|ARM
		{4F1C9355-B571-46C5-94DB-1C21BBF5B8C6}.AppStore|ARM.Build.0 = Release|ARM
		{4F1C9355-B571-46C5-94DB-1C21BBF5B8C6}.AppStore|iPhone.ActiveCfg = Release|Any CPU
		{4F1C9355-B571-46C5-94DB-1C21BBF5B8C6}.AppStore|iPhone.Build.0 = Release|Any CPU
		{4F1C9355-B571-46C5-94DB-1C21BBF5B8C6}.AppStore|iPhoneSimulator.ActiveCfg = Release|Any CPU
		{4F1C9355-B571-46C5-94DB-1C21BBF5B8C6}.AppStore|iPhoneSimulator.Build.0 = Release|Any CPU
		{4F1C9355-B571-46C5-94DB-1C21BBF5B8C6}.AppStore|x64.ActiveCfg = Release|x64
		{4F1C9355-B571-46C5-94DB-1C21BBF5B8C6}.AppStore|x64.Build.0 = Release|x64
		{4F1C9355-B571-46C5-94DB-1C21BBF5B8C6}.AppStore|x86.ActiveCfg = Release|x86
		{4F1C9355-B571-46C5-94DB-1C21BBF5B8C6}.AppStore|x86.Build.0 = Release|x86
		{4F1C9355-B571-46C5-94DB-1C21BBF5B8C6}.Debug|Any CPU.ActiveCfg = Debug|Any CPU
		{4F1C9355-B571-46C5-94DB-1C21BBF5B8C6}.Debug|Any CPU.Build.0 = Debug|Any CPU
		{4F1C9355-B571-46C5-94DB-1C21BBF5B8C6}.Debug|ARM.ActiveCfg = Debug|ARM
		{4F1C9355-B571-46C5-94DB-1C21BBF5B8C6}.Debug|ARM.Build.0 = Debug|ARM
		{4F1C9355-B571-46C5-94DB-1C21BBF5B8C6}.Debug|iPhone.ActiveCfg = Debug|Any CPU
		{4F1C9355-B571-46C5-94DB-1C21BBF5B8C6}.Debug|iPhone.Build.0 = Debug|Any CPU
		{4F1C9355-B571-46C5-94DB-1C21BBF5B8C6}.Debug|iPhoneSimulator.ActiveCfg = Debug|Any CPU
		{4F1C9355-B571-46C5-94DB-1C21BBF5B8C6}.Debug|iPhoneSimulator.Build.0 = Debug|Any CPU
		{4F1C9355-B571-46C5-94DB-1C21BBF5B8C6}.Debug|x64.ActiveCfg = Debug|x64
		{4F1C9355-B571-46C5-94DB-1C21BBF5B8C6}.Debug|x64.Build.0 = Debug|x64
		{4F1C9355-B571-46C5-94DB-1C21BBF5B8C6}.Debug|x86.ActiveCfg = Debug|x86
		{4F1C9355-B571-46C5-94DB-1C21BBF5B8C6}.Debug|x86.Build.0 = Debug|x86
		{4F1C9355-B571-46C5-94DB-1C21BBF5B8C6}.Release|Any CPU.ActiveCfg = Release|Any CPU
		{4F1C9355-B571-46C5-94DB-1C21BBF5B8C6}.Release|Any CPU.Build.0 = Release|Any CPU
		{4F1C9355-B571-46C5-94DB-1C21BBF5B8C6}.Release|ARM.ActiveCfg = Release|ARM
		{4F1C9355-B571-46C5-94DB-1C21BBF5B8C6}.Release|ARM.Build.0 = Release|ARM
		{4F1C9355-B571-46C5-94DB-1C21BBF5B8C6}.Release|iPhone.ActiveCfg = Release|Any CPU
		{4F1C9355-B571-46C5-94DB-1C21BBF5B8C6}.Release|iPhone.Build.0 = Release|Any CPU
		{4F1C9355-B571-46C5-94DB-1C21BBF5B8C6}.Release|iPhoneSimulator.ActiveCfg = Release|Any CPU
		{4F1C9355-B571-46C5-94DB-1C21BBF5B8C6}.Release|iPhoneSimulator.Build.0 = Release|Any CPU
		{4F1C9355-B571-46C5-94DB-1C21BBF5B8C6}.Release|x64.ActiveCfg = Release|x64
		{4F1C9355-B571-46C5-94DB-1C21BBF5B8C6}.Release|x64.Build.0 = Release|x64
		{4F1C9355-B571-46C5-94DB-1C21BBF5B8C6}.Release|x86.ActiveCfg = Release|x86
		{4F1C9355-B571-46C5-94DB-1C21BBF5B8C6}.Release|x86.Build.0 = Release|x86
		{FD883765-5EFE-494E-AA1A-6B5E3D929EDE}.Ad-Hoc|Any CPU.ActiveCfg = Release|Any CPU
		{FD883765-5EFE-494E-AA1A-6B5E3D929EDE}.Ad-Hoc|Any CPU.Build.0 = Release|Any CPU
		{FD883765-5EFE-494E-AA1A-6B5E3D929EDE}.Ad-Hoc|ARM.ActiveCfg = Release|Any CPU
		{FD883765-5EFE-494E-AA1A-6B5E3D929EDE}.Ad-Hoc|ARM.Build.0 = Release|Any CPU
		{FD883765-5EFE-494E-AA1A-6B5E3D929EDE}.Ad-Hoc|iPhone.ActiveCfg = Release|Any CPU
		{FD883765-5EFE-494E-AA1A-6B5E3D929EDE}.Ad-Hoc|iPhone.Build.0 = Release|Any CPU
		{FD883765-5EFE-494E-AA1A-6B5E3D929EDE}.Ad-Hoc|iPhoneSimulator.ActiveCfg = Release|Any CPU
		{FD883765-5EFE-494E-AA1A-6B5E3D929EDE}.Ad-Hoc|iPhoneSimulator.Build.0 = Release|Any CPU
		{FD883765-5EFE-494E-AA1A-6B5E3D929EDE}.Ad-Hoc|x64.ActiveCfg = Release|Any CPU
		{FD883765-5EFE-494E-AA1A-6B5E3D929EDE}.Ad-Hoc|x64.Build.0 = Release|Any CPU
		{FD883765-5EFE-494E-AA1A-6B5E3D929EDE}.Ad-Hoc|x86.ActiveCfg = Release|Any CPU
		{FD883765-5EFE-494E-AA1A-6B5E3D929EDE}.Ad-Hoc|x86.Build.0 = Release|Any CPU
		{FD883765-5EFE-494E-AA1A-6B5E3D929EDE}.AppStore|Any CPU.ActiveCfg = Release|Any CPU
		{FD883765-5EFE-494E-AA1A-6B5E3D929EDE}.AppStore|Any CPU.Build.0 = Release|Any CPU
		{FD883765-5EFE-494E-AA1A-6B5E3D929EDE}.AppStore|ARM.ActiveCfg = Release|Any CPU
		{FD883765-5EFE-494E-AA1A-6B5E3D929EDE}.AppStore|ARM.Build.0 = Release|Any CPU
		{FD883765-5EFE-494E-AA1A-6B5E3D929EDE}.AppStore|iPhone.ActiveCfg = Release|Any CPU
		{FD883765-5EFE-494E-AA1A-6B5E3D929EDE}.AppStore|iPhone.Build.0 = Release|Any CPU
		{FD883765-5EFE-494E-AA1A-6B5E3D929EDE}.AppStore|iPhoneSimulator.ActiveCfg = Release|Any CPU
		{FD883765-5EFE-494E-AA1A-6B5E3D929EDE}.AppStore|iPhoneSimulator.Build.0 = Release|Any CPU
		{FD883765-5EFE-494E-AA1A-6B5E3D929EDE}.AppStore|x64.ActiveCfg = Release|Any CPU
		{FD883765-5EFE-494E-AA1A-6B5E3D929EDE}.AppStore|x64.Build.0 = Release|Any CPU
		{FD883765-5EFE-494E-AA1A-6B5E3D929EDE}.AppStore|x86.ActiveCfg = Release|Any CPU
		{FD883765-5EFE-494E-AA1A-6B5E3D929EDE}.AppStore|x86.Build.0 = Release|Any CPU
		{FD883765-5EFE-494E-AA1A-6B5E3D929EDE}.Debug|Any CPU.ActiveCfg = Debug|Any CPU
		{FD883765-5EFE-494E-AA1A-6B5E3D929EDE}.Debug|Any CPU.Build.0 = Debug|Any CPU
		{FD883765-5EFE-494E-AA1A-6B5E3D929EDE}.Debug|ARM.ActiveCfg = Debug|Any CPU
		{FD883765-5EFE-494E-AA1A-6B5E3D929EDE}.Debug|ARM.Build.0 = Debug|Any CPU
		{FD883765-5EFE-494E-AA1A-6B5E3D929EDE}.Debug|iPhone.ActiveCfg = Debug|Any CPU
		{FD883765-5EFE-494E-AA1A-6B5E3D929EDE}.Debug|iPhone.Build.0 = Debug|Any CPU
		{FD883765-5EFE-494E-AA1A-6B5E3D929EDE}.Debug|iPhoneSimulator.ActiveCfg = Debug|Any CPU
		{FD883765-5EFE-494E-AA1A-6B5E3D929EDE}.Debug|iPhoneSimulator.Build.0 = Debug|Any CPU
		{FD883765-5EFE-494E-AA1A-6B5E3D929EDE}.Debug|x64.ActiveCfg = Debug|Any CPU
		{FD883765-5EFE-494E-AA1A-6B5E3D929EDE}.Debug|x64.Build.0 = Debug|Any CPU
		{FD883765-5EFE-494E-AA1A-6B5E3D929EDE}.Debug|x86.ActiveCfg = Debug|Any CPU
		{FD883765-5EFE-494E-AA1A-6B5E3D929EDE}.Debug|x86.Build.0 = Debug|Any CPU
		{FD883765-5EFE-494E-AA1A-6B5E3D929EDE}.Release|Any CPU.ActiveCfg = Release|Any CPU
		{FD883765-5EFE-494E-AA1A-6B5E3D929EDE}.Release|Any CPU.Build.0 = Release|Any CPU
		{FD883765-5EFE-494E-AA1A-6B5E3D929EDE}.Release|ARM.ActiveCfg = Release|Any CPU
		{FD883765-5EFE-494E-AA1A-6B5E3D929EDE}.Release|ARM.Build.0 = Release|Any CPU
		{FD883765-5EFE-494E-AA1A-6B5E3D929EDE}.Release|iPhone.ActiveCfg = Release|Any CPU
		{FD883765-5EFE-494E-AA1A-6B5E3D929EDE}.Release|iPhone.Build.0 = Release|Any CPU
		{FD883765-5EFE-494E-AA1A-6B5E3D929EDE}.Release|iPhoneSimulator.ActiveCfg = Release|Any CPU
		{FD883765-5EFE-494E-AA1A-6B5E3D929EDE}.Release|iPhoneSimulator.Build.0 = Release|Any CPU
		{FD883765-5EFE-494E-AA1A-6B5E3D929EDE}.Release|x64.ActiveCfg = Release|Any CPU
		{FD883765-5EFE-494E-AA1A-6B5E3D929EDE}.Release|x64.Build.0 = Release|Any CPU
		{FD883765-5EFE-494E-AA1A-6B5E3D929EDE}.Release|x86.ActiveCfg = Release|Any CPU
		{FD883765-5EFE-494E-AA1A-6B5E3D929EDE}.Release|x86.Build.0 = Release|Any CPU
	EndGlobalSection
	GlobalSection(SolutionProperties) = preSolution
		HideSolutionNode = FALSE
	EndGlobalSection
	GlobalSection(NestedProjects) = preSolution
		{81F63185-CB96-47ED-9751-CB40FB272537} = {346A7391-2FD0-4BD7-980D-0625AB8A372E}
		{BDCE56DE-4DDB-4542-837D-9B5607862CB8} = {346A7391-2FD0-4BD7-980D-0625AB8A372E}
		{2831EB1B-DF07-4ABA-8FBB-D123688D61F6} = {346A7391-2FD0-4BD7-980D-0625AB8A372E}
		{04A454D8-D218-4220-9334-60D1D4AE629A} = {346A7391-2FD0-4BD7-980D-0625AB8A372E}
		{77E0A7FB-4D28-4578-AF26-AF6013FC68F9} = {DF98400C-3CA0-467C-A071-194E26CC4345}
		{4C39A7E6-F6AC-4792-B801-6DA0C7EC4909} = {DF98400C-3CA0-467C-A071-194E26CC4345}
		{2F2D144B-9CCE-4F99-BD9B-DA09E03EE97E} = {D40FCB7B-584E-4FC5-9CBA-7A64EF40999C}
		{99FD5AA5-825E-4D34-A1FD-8EEB05608EE5} = {EBDA8791-3FC5-41A1-9FCB-7A61E6F24989}
		{4F1C9355-B571-46C5-94DB-1C21BBF5B8C6} = {EBDA8791-3FC5-41A1-9FCB-7A61E6F24989}
		{A8C6100F-A8AF-4B85-B6CA-4B4D0864311B} = {EBDA8791-3FC5-41A1-9FCB-7A61E6F24989}
		{FD883765-5EFE-494E-AA1A-6B5E3D929EDE} = {EBDA8791-3FC5-41A1-9FCB-7A61E6F24989}
	EndGlobalSection
	GlobalSection(ExtensibilityGlobals) = postSolution
		SolutionGuid = {A73D06DE-B019-4D24-A495-32F20CA53949}
	EndGlobalSection
EndGlobal
