
Microsoft Visual Studio Solution File, Format Version 12.00
# Visual Studio 15
VisualStudioVersion = 15.0.27004.2005
MinimumVisualStudioVersion = 10.0.40219.1
Project("{D954291E-2A0B-460D-934E-DC6B0785DB48}") = "NMUGStore.Ui.XamarinForms", "nmugStore.Ui.XamarinForms\nmugStore.Ui.XamarinForms\NMUGStore.Ui.XamarinForms.shproj", "{3F8304B1-CD89-4727-88D4-36507787174A}"
EndProject
Project("{FAE04EC0-301F-11D3-BF4B-00C04F79EFBC}") = "NMUGStore.Ui.XamarinForms.Android", "nmugStore.Ui.XamarinForms\nmugStore.Ui.XamarinForms.Android\NMUGStore.Ui.XamarinForms.Android.csproj", "{81F63185-CB96-47ED-9751-CB40FB272537}"
EndProject
Project("{FAE04EC0-301F-11D3-BF4B-00C04F79EFBC}") = "NMUGStore.Ui.XamarinForms.iOS", "nmugStore.Ui.XamarinForms\nmugStore.Ui.XamarinForms.iOS\NMUGStore.Ui.XamarinForms.iOS.csproj", "{BDCE56DE-4DDB-4542-837D-9B5607862CB8}"
EndProject
Project("{FAE04EC0-301F-11D3-BF4B-00C04F79EFBC}") = "NMUGStore.Ui.XamarinForms.UWP", "nmugStore.Ui.XamarinForms\nmugStore.Ui.XamarinForms.UWP\NMUGStore.Ui.XamarinForms.UWP.csproj", "{2831EB1B-DF07-4ABA-8FBB-D123688D61F6}"
EndProject
Project("{2150E333-8FDC-42A3-9474-1A3956D46DE8}") = "Solution Items", "Solution Items", "{4F0CD838-DB2C-4EAB-A411-41E19210D021}"
	ProjectSection(SolutionItems) = preProject
		Gui.md = Gui.md
		README.md = README.md
		Xamarin.md = Xamarin.md
	EndProjectSection
EndProject
Project("{2150E333-8FDC-42A3-9474-1A3956D46DE8}") = "GUII", "GUII", "{346A7391-2FD0-4BD7-980D-0625AB8A372E}"
EndProject
Project("{2150E333-8FDC-42A3-9474-1A3956D46DE8}") = "ServiceAccessServer", "ServiceAccessServer", "{DF98400C-3CA0-467C-A071-194E26CC4345}"
EndProject
Project("{2150E333-8FDC-42A3-9474-1A3956D46DE8}") = "DataAccessLayer", "DataAccessLayer", "{D40FCB7B-584E-4FC5-9CBA-7A64EF40999C}"
EndProject
Global
	GlobalSection(SharedMSBuildProjectFiles) = preSolution
		nmugStore.Ui.XamarinForms\nmugStore.Ui.XamarinForms\nmugStore.Ui.XamarinForms.projitems*{2831eb1b-df07-4aba-8fbb-d123688d61f6}*SharedItemsImports = 4
		nmugStore.Ui.XamarinForms\nmugStore.Ui.XamarinForms\nmugStore.Ui.XamarinForms.projitems*{3f8304b1-cd89-4727-88d4-36507787174a}*SharedItemsImports = 13
		nmugStore.Ui.XamarinForms\nmugStore.Ui.XamarinForms\nmugStore.Ui.XamarinForms.projitems*{81f63185-cb96-47ed-9751-cb40fb272537}*SharedItemsImports = 4
		nmugStore.Ui.XamarinForms\nmugStore.Ui.XamarinForms\nmugStore.Ui.XamarinForms.projitems*{bdce56de-4ddb-4542-837d-9b5607862cb8}*SharedItemsImports = 4
	EndGlobalSection
	GlobalSection(SolutionConfigurationPlatforms) = preSolution
		Ad-Hoc|Any CPU = Ad-Hoc|Any CPU
		Ad-Hoc|ARM = Ad-Hoc|ARM
		Ad-Hoc|iPhone = Ad-Hoc|iPhone
		Ad-Hoc|iPhoneSimulator = Ad-Hoc|iPhoneSimulator
		Ad-Hoc|x64 = Ad-Hoc|x64
		Ad-Hoc|x86 = Ad-Hoc|x86
		AppStore|Any CPU = AppStore|Any CPU
		AppStore|ARM = AppStore|ARM
		AppStore|iPhone = AppStore|iPhone
		AppStore|iPhoneSimulator = AppStore|iPhoneSimulator
		AppStore|x64 = AppStore|x64
		AppStore|x86 = AppStore|x86
		Debug|Any CPU = Debug|Any CPU
		Debug|ARM = Debug|ARM
		Debug|iPhone = Debug|iPhone
		Debug|iPhoneSimulator = Debug|iPhoneSimulator
		Debug|x64 = Debug|x64
		Debug|x86 = Debug|x86
		Release|Any CPU = Release|Any CPU
		Release|ARM = Release|ARM
		Release|iPhone = Release|iPhone
		Release|iPhoneSimulator = Release|iPhoneSimulator
		Release|x64 = Release|x64
		Release|x86 = Release|x86
	EndGlobalSection
	GlobalSection(ProjectConfigurationPlatforms) = postSolution
		{81F63185-CB96-47ED-9751-CB40FB272537}.Ad-Hoc|Any CPU.ActiveCfg = Release|Any CPU
		{81F63185-CB96-47ED-9751-CB40FB272537}.Ad-Hoc|Any CPU.Build.0 = Release|Any CPU
		{81F63185-CB96-47ED-9751-CB40FB272537}.Ad-Hoc|Any CPU.Deploy.0 = Release|Any CPU
		{81F63185-CB96-47ED-9751-CB40FB272537}.Ad-Hoc|ARM.ActiveCfg = Release|Any CPU
		{81F63185-CB96-47ED-9751-CB40FB272537}.Ad-Hoc|ARM.Build.0 = Release|Any CPU
		{81F63185-CB96-47ED-9751-CB40FB272537}.Ad-Hoc|ARM.Deploy.0 = Release|Any CPU
		{81F63185-CB96-47ED-9751-CB40FB272537}.Ad-Hoc|iPhone.ActiveCfg = Release|Any CPU
		{81F63185-CB96-47ED-9751-CB40FB272537}.Ad-Hoc|iPhone.Build.0 = Release|Any CPU
		{81F63185-CB96-47ED-9751-CB40FB272537}.Ad-Hoc|iPhone.Deploy.0 = Release|Any CPU
		{81F63185-CB96-47ED-9751-CB40FB272537}.Ad-Hoc|iPhoneSimulator.ActiveCfg = Release|Any CPU
		{81F63185-CB96-47ED-9751-CB40FB272537}.Ad-Hoc|iPhoneSimulator.Build.0 = Release|Any CPU
		{81F63185-CB96-47ED-9751-CB40FB272537}.Ad-Hoc|iPhoneSimulator.Deploy.0 = Release|Any CPU
		{81F63185-CB96-47ED-9751-CB40FB272537}.Ad-Hoc|x64.ActiveCfg = Release|Any CPU
		{81F63185-CB96-47ED-9751-CB40FB272537}.Ad-Hoc|x64.Build.0 = Release|Any CPU
		{81F63185-CB96-47ED-9751-CB40FB272537}.Ad-Hoc|x64.Deploy.0 = Release|Any CPU
		{81F63185-CB96-47ED-9751-CB40FB272537}.Ad-Hoc|x86.ActiveCfg = Release|Any CPU
		{81F63185-CB96-47ED-9751-CB40FB272537}.Ad-Hoc|x86.Build.0 = Release|Any CPU
		{81F63185-CB96-47ED-9751-CB40FB272537}.Ad-Hoc|x86.Deploy.0 = Release|Any CPU
		{81F63185-CB96-47ED-9751-CB40FB272537}.AppStore|Any CPU.ActiveCfg = Release|Any CPU
		{81F63185-CB96-47ED-9751-CB40FB272537}.AppStore|Any CPU.Build.0 = Release|Any CPU
		{81F63185-CB96-47ED-9751-CB40FB272537}.AppStore|Any CPU.Deploy.0 = Release|Any CPU
		{81F63185-CB96-47ED-9751-CB40FB272537}.AppStore|ARM.ActiveCfg = Release|Any CPU
		{81F63185-CB96-47ED-9751-CB40FB272537}.AppStore|ARM.Build.0 = Release|Any CPU
		{81F63185-CB96-47ED-9751-CB40FB272537}.AppStore|ARM.Deploy.0 = Release|Any CPU
		{81F63185-CB96-47ED-9751-CB40FB272537}.AppStore|iPhone.ActiveCfg = Release|Any CPU
		{81F63185-CB96-47ED-9751-CB40FB272537}.AppStore|iPhone.Build.0 = Release|Any CPU
		{81F63185-CB96-47ED-9751-CB40FB272537}.AppStore|iPhone.Deploy.0 = Release|Any CPU
		{81F63185-CB96-47ED-9751-CB40FB272537}.AppStore|iPhoneSimulator.ActiveCfg = Release|Any CPU
		{81F63185-CB96-47ED-9751-CB40FB272537}.AppStore|iPhoneSimulator.Build.0 = Release|Any CPU
		{81F63185-CB96-47ED-9751-CB40FB272537}.AppStore|iPhoneSimulator.Deploy.0 = Release|Any CPU
		{81F63185-CB96-47ED-9751-CB40FB272537}.AppStore|x64.ActiveCfg = Release|Any CPU
		{81F63185-CB96-47ED-9751-CB40FB272537}.AppStore|x64.Build.0 = Release|Any CPU
		{81F63185-CB96-47ED-9751-CB40FB272537}.AppStore|x64.Deploy.0 = Release|Any CPU
		{81F63185-CB96-47ED-9751-CB40FB272537}.AppStore|x86.ActiveCfg = Release|Any CPU
		{81F63185-CB96-47ED-9751-CB40FB272537}.AppStore|x86.Build.0 = Release|Any CPU
		{81F63185-CB96-47ED-9751-CB40FB272537}.AppStore|x86.Deploy.0 = Release|Any CPU
		{81F63185-CB96-47ED-9751-CB40FB272537}.Debug|Any CPU.ActiveCfg = Debug|Any CPU
		{81F63185-CB96-47ED-9751-CB40FB272537}.Debug|Any CPU.Build.0 = Debug|Any CPU
		{81F63185-CB96-47ED-9751-CB40FB272537}.Debug|Any CPU.Deploy.0 = Debug|Any CPU
		{81F63185-CB96-47ED-9751-CB40FB272537}.Debug|ARM.ActiveCfg = Debug|Any CPU
		{81F63185-CB96-47ED-9751-CB40FB272537}.Debug|ARM.Build.0 = Debug|Any CPU
		{81F63185-CB96-47ED-9751-CB40FB272537}.Debug|ARM.Deploy.0 = Debug|Any CPU
		{81F63185-CB96-47ED-9751-CB40FB272537}.Debug|iPhone.ActiveCfg = Debug|Any CPU
		{81F63185-CB96-47ED-9751-CB40FB272537}.Debug|iPhone.Build.0 = Debug|Any CPU
		{81F63185-CB96-47ED-9751-CB40FB272537}.Debug|iPhone.Deploy.0 = Debug|Any CPU
		{81F63185-CB96-47ED-9751-CB40FB272537}.Debug|iPhoneSimulator.ActiveCfg = Debug|Any CPU
		{81F63185-CB96-47ED-9751-CB40FB272537}.Debug|iPhoneSimulator.Build.0 = Debug|Any CPU
		{81F63185-CB96-47ED-9751-CB40FB272537}.Debug|iPhoneSimulator.Deploy.0 = Debug|Any CPU
		{81F63185-CB96-47ED-9751-CB40FB272537}.Debug|x64.ActiveCfg = Debug|Any CPU
		{81F63185-CB96-47ED-9751-CB40FB272537}.Debug|x64.Build.0 = Debug|Any CPU
		{81F63185-CB96-47ED-9751-CB40FB272537}.Debug|x64.Deploy.0 = Debug|Any CPU
		{81F63185-CB96-47ED-9751-CB40FB272537}.Debug|x86.ActiveCfg = Debug|Any CPU
		{81F63185-CB96-47ED-9751-CB40FB272537}.Debug|x86.Build.0 = Debug|Any CPU
		{81F63185-CB96-47ED-9751-CB40FB272537}.Debug|x86.Deploy.0 = Debug|Any CPU
		{81F63185-CB96-47ED-9751-CB40FB272537}.Release|Any CPU.ActiveCfg = Release|Any CPU
		{81F63185-CB96-47ED-9751-CB40FB272537}.Release|Any CPU.Build.0 = Release|Any CPU
		{81F63185-CB96-47ED-9751-CB40FB272537}.Release|Any CPU.Deploy.0 = Release|Any CPU
		{81F63185-CB96-47ED-9751-CB40FB272537}.Release|ARM.ActiveCfg = Release|Any CPU
		{81F63185-CB96-47ED-9751-CB40FB272537}.Release|ARM.Build.0 = Release|Any CPU
		{81F63185-CB96-47ED-9751-CB40FB272537}.Release|ARM.Deploy.0 = Release|Any CPU
		{81F63185-CB96-47ED-9751-CB40FB272537}.Release|iPhone.ActiveCfg = Release|Any CPU
		{81F63185-CB96-47ED-9751-CB40FB272537}.Release|iPhone.Build.0 = Release|Any CPU
		{81F63185-CB96-47ED-9751-CB40FB272537}.Release|iPhone.Deploy.0 = Release|Any CPU
		{81F63185-CB96-47ED-9751-CB40FB272537}.Release|iPhoneSimulator.ActiveCfg = Release|Any CPU
		{81F63185-CB96-47ED-9751-CB40FB272537}.Release|iPhoneSimulator.Build.0 = Release|Any CPU
		{81F63185-CB96-47ED-9751-CB40FB272537}.Release|iPhoneSimulator.Deploy.0 = Release|Any CPU
		{81F63185-CB96-47ED-9751-CB40FB272537}.Release|x64.ActiveCfg = Release|Any CPU
		{81F63185-CB96-47ED-9751-CB40FB272537}.Release|x64.Build.0 = Release|Any CPU
		{81F63185-CB96-47ED-9751-CB40FB272537}.Release|x64.Deploy.0 = Release|Any CPU
		{81F63185-CB96-47ED-9751-CB40FB272537}.Release|x86.ActiveCfg = Release|Any CPU
		{81F63185-CB96-47ED-9751-CB40FB272537}.Release|x86.Build.0 = Release|Any CPU
		{81F63185-CB96-47ED-9751-CB40FB272537}.Release|x86.Deploy.0 = Release|Any CPU
		{BDCE56DE-4DDB-4542-837D-9B5607862CB8}.Ad-Hoc|Any CPU.ActiveCfg = Ad-Hoc|iPhoneSimulator
		{BDCE56DE-4DDB-4542-837D-9B5607862CB8}.Ad-Hoc|ARM.ActiveCfg = Ad-Hoc|iPhone
		{BDCE56DE-4DDB-4542-837D-9B5607862CB8}.Ad-Hoc|iPhone.ActiveCfg = Ad-Hoc|iPhone
		{BDCE56DE-4DDB-4542-837D-9B5607862CB8}.Ad-Hoc|iPhone.Build.0 = Ad-Hoc|iPhone
		{BDCE56DE-4DDB-4542-837D-9B5607862CB8}.Ad-Hoc|iPhoneSimulator.ActiveCfg = Ad-Hoc|iPhoneSimulator
		{BDCE56DE-4DDB-4542-837D-9B5607862CB8}.Ad-Hoc|iPhoneSimulator.Build.0 = Ad-Hoc|iPhoneSimulator
		{BDCE56DE-4DDB-4542-837D-9B5607862CB8}.Ad-Hoc|x64.ActiveCfg = Ad-Hoc|iPhone
		{BDCE56DE-4DDB-4542-837D-9B5607862CB8}.Ad-Hoc|x86.ActiveCfg = Ad-Hoc|iPhone
		{BDCE56DE-4DDB-4542-837D-9B5607862CB8}.AppStore|Any CPU.ActiveCfg = AppStore|iPhoneSimulator
		{BDCE56DE-4DDB-4542-837D-9B5607862CB8}.AppStore|ARM.ActiveCfg = AppStore|iPhone
		{BDCE56DE-4DDB-4542-837D-9B5607862CB8}.AppStore|iPhone.ActiveCfg = AppStore|iPhone
		{BDCE56DE-4DDB-4542-837D-9B5607862CB8}.AppStore|iPhone.Build.0 = AppStore|iPhone
		{BDCE56DE-4DDB-4542-837D-9B5607862CB8}.AppStore|iPhoneSimulator.ActiveCfg = AppStore|iPhoneSimulator
		{BDCE56DE-4DDB-4542-837D-9B5607862CB8}.AppStore|iPhoneSimulator.Build.0 = AppStore|iPhoneSimulator
		{BDCE56DE-4DDB-4542-837D-9B5607862CB8}.AppStore|x64.ActiveCfg = AppStore|iPhone
		{BDCE56DE-4DDB-4542-837D-9B5607862CB8}.AppStore|x86.ActiveCfg = AppStore|iPhone
		{BDCE56DE-4DDB-4542-837D-9B5607862CB8}.Debug|Any CPU.ActiveCfg = Debug|iPhoneSimulator
		{BDCE56DE-4DDB-4542-837D-9B5607862CB8}.Debug|ARM.ActiveCfg = Debug|iPhone
		{BDCE56DE-4DDB-4542-837D-9B5607862CB8}.Debug|iPhone.ActiveCfg = Debug|iPhone
		{BDCE56DE-4DDB-4542-837D-9B5607862CB8}.Debug|iPhone.Build.0 = Debug|iPhone
		{BDCE56DE-4DDB-4542-837D-9B5607862CB8}.Debug|iPhoneSimulator.ActiveCfg = Debug|iPhoneSimulator
		{BDCE56DE-4DDB-4542-837D-9B5607862CB8}.Debug|iPhoneSimulator.Build.0 = Debug|iPhoneSimulator
		{BDCE56DE-4DDB-4542-837D-9B5607862CB8}.Debug|x64.ActiveCfg = Debug|iPhone
		{BDCE56DE-4DDB-4542-837D-9B5607862CB8}.Debug|x86.ActiveCfg = Debug|iPhone
		{BDCE56DE-4DDB-4542-837D-9B5607862CB8}.Release|Any CPU.ActiveCfg = Release|iPhoneSimulator
		{BDCE56DE-4DDB-4542-837D-9B5607862CB8}.Release|ARM.ActiveCfg = Release|iPhone
		{BDCE56DE-4DDB-4542-837D-9B5607862CB8}.Release|iPhone.ActiveCfg = Release|iPhone
		{BDCE56DE-4DDB-4542-837D-9B5607862CB8}.Release|iPhone.Build.0 = Release|iPhone
		{BDCE56DE-4DDB-4542-837D-9B5607862CB8}.Release|iPhoneSimulator.ActiveCfg = Release|iPhoneSimulator
		{BDCE56DE-4DDB-4542-837D-9B5607862CB8}.Release|iPhoneSimulator.Build.0 = Release|iPhoneSimulator
		{BDCE56DE-4DDB-4542-837D-9B5607862CB8}.Release|x64.ActiveCfg = Release|iPhone
		{BDCE56DE-4DDB-4542-837D-9B5607862CB8}.Release|x86.ActiveCfg = Release|iPhone
		{2831EB1B-DF07-4ABA-8FBB-D123688D61F6}.Ad-Hoc|Any CPU.ActiveCfg = Release|x86
		{2831EB1B-DF07-4ABA-8FBB-D123688D61F6}.Ad-Hoc|Any CPU.Build.0 = Release|x86
		{2831EB1B-DF07-4ABA-8FBB-D123688D61F6}.Ad-Hoc|Any CPU.Deploy.0 = Release|x86
		{2831EB1B-DF07-4ABA-8FBB-D123688D61F6}.Ad-Hoc|ARM.ActiveCfg = Release|ARM
		{2831EB1B-DF07-4ABA-8FBB-D123688D61F6}.Ad-Hoc|ARM.Build.0 = Release|ARM
		{2831EB1B-DF07-4ABA-8FBB-D123688D61F6}.Ad-Hoc|ARM.Deploy.0 = Release|ARM
		{2831EB1B-DF07-4ABA-8FBB-D123688D61F6}.Ad-Hoc|iPhone.ActiveCfg = Release|x86
		{2831EB1B-DF07-4ABA-8FBB-D123688D61F6}.Ad-Hoc|iPhone.Build.0 = Release|x86
		{2831EB1B-DF07-4ABA-8FBB-D123688D61F6}.Ad-Hoc|iPhone.Deploy.0 = Release|x86
		{2831EB1B-DF07-4ABA-8FBB-D123688D61F6}.Ad-Hoc|iPhoneSimulator.ActiveCfg = Release|x86
		{2831EB1B-DF07-4ABA-8FBB-D123688D61F6}.Ad-Hoc|iPhoneSimulator.Build.0 = Release|x86
		{2831EB1B-DF07-4ABA-8FBB-D123688D61F6}.Ad-Hoc|iPhoneSimulator.Deploy.0 = Release|x86
		{2831EB1B-DF07-4ABA-8FBB-D123688D61F6}.Ad-Hoc|x64.ActiveCfg = Release|x64
		{2831EB1B-DF07-4ABA-8FBB-D123688D61F6}.Ad-Hoc|x64.Build.0 = Release|x64
		{2831EB1B-DF07-4ABA-8FBB-D123688D61F6}.Ad-Hoc|x64.Deploy.0 = Release|x64
		{2831EB1B-DF07-4ABA-8FBB-D123688D61F6}.Ad-Hoc|x86.ActiveCfg = Release|x86
		{2831EB1B-DF07-4ABA-8FBB-D123688D61F6}.Ad-Hoc|x86.Build.0 = Release|x86
		{2831EB1B-DF07-4ABA-8FBB-D123688D61F6}.Ad-Hoc|x86.Deploy.0 = Release|x86
		{2831EB1B-DF07-4ABA-8FBB-D123688D61F6}.AppStore|Any CPU.ActiveCfg = Release|x86
		{2831EB1B-DF07-4ABA-8FBB-D123688D61F6}.AppStore|Any CPU.Build.0 = Release|x86
		{2831EB1B-DF07-4ABA-8FBB-D123688D61F6}.AppStore|Any CPU.Deploy.0 = Release|x86
		{2831EB1B-DF07-4ABA-8FBB-D123688D61F6}.AppStore|ARM.ActiveCfg = Release|ARM
		{2831EB1B-DF07-4ABA-8FBB-D123688D61F6}.AppStore|ARM.Build.0 = Release|ARM
		{2831EB1B-DF07-4ABA-8FBB-D123688D61F6}.AppStore|ARM.Deploy.0 = Release|ARM
		{2831EB1B-DF07-4ABA-8FBB-D123688D61F6}.AppStore|iPhone.ActiveCfg = Release|x86
		{2831EB1B-DF07-4ABA-8FBB-D123688D61F6}.AppStore|iPhone.Build.0 = Release|x86
		{2831EB1B-DF07-4ABA-8FBB-D123688D61F6}.AppStore|iPhone.Deploy.0 = Release|x86
		{2831EB1B-DF07-4ABA-8FBB-D123688D61F6}.AppStore|iPhoneSimulator.ActiveCfg = Release|x86
		{2831EB1B-DF07-4ABA-8FBB-D123688D61F6}.AppStore|iPhoneSimulator.Build.0 = Release|x86
		{2831EB1B-DF07-4ABA-8FBB-D123688D61F6}.AppStore|iPhoneSimulator.Deploy.0 = Release|x86
		{2831EB1B-DF07-4ABA-8FBB-D123688D61F6}.AppStore|x64.ActiveCfg = Release|x64
		{2831EB1B-DF07-4ABA-8FBB-D123688D61F6}.AppStore|x64.Build.0 = Release|x64
		{2831EB1B-DF07-4ABA-8FBB-D123688D61F6}.AppStore|x64.Deploy.0 = Release|x64
		{2831EB1B-DF07-4ABA-8FBB-D123688D61F6}.AppStore|x86.ActiveCfg = Release|x86
		{2831EB1B-DF07-4ABA-8FBB-D123688D61F6}.AppStore|x86.Build.0 = Release|x86
		{2831EB1B-DF07-4ABA-8FBB-D123688D61F6}.AppStore|x86.Deploy.0 = Release|x86
		{2831EB1B-DF07-4ABA-8FBB-D123688D61F6}.Debug|Any CPU.ActiveCfg = Debug|x86
		{2831EB1B-DF07-4ABA-8FBB-D123688D61F6}.Debug|ARM.ActiveCfg = Debug|ARM
		{2831EB1B-DF07-4ABA-8FBB-D123688D61F6}.Debug|ARM.Build.0 = Debug|ARM
		{2831EB1B-DF07-4ABA-8FBB-D123688D61F6}.Debug|ARM.Deploy.0 = Debug|ARM
		{2831EB1B-DF07-4ABA-8FBB-D123688D61F6}.Debug|iPhone.ActiveCfg = Debug|x86
		{2831EB1B-DF07-4ABA-8FBB-D123688D61F6}.Debug|iPhoneSimulator.ActiveCfg = Debug|x86
		{2831EB1B-DF07-4ABA-8FBB-D123688D61F6}.Debug|x64.ActiveCfg = Debug|x64
		{2831EB1B-DF07-4ABA-8FBB-D123688D61F6}.Debug|x64.Build.0 = Debug|x64
		{2831EB1B-DF07-4ABA-8FBB-D123688D61F6}.Debug|x64.Deploy.0 = Debug|x64
		{2831EB1B-DF07-4ABA-8FBB-D123688D61F6}.Debug|x86.ActiveCfg = Debug|x86
		{2831EB1B-DF07-4ABA-8FBB-D123688D61F6}.Debug|x86.Build.0 = Debug|x86
		{2831EB1B-DF07-4ABA-8FBB-D123688D61F6}.Debug|x86.Deploy.0 = Debug|x86
		{2831EB1B-DF07-4ABA-8FBB-D123688D61F6}.Release|Any CPU.ActiveCfg = Release|x86
		{2831EB1B-DF07-4ABA-8FBB-D123688D61F6}.Release|ARM.ActiveCfg = Release|ARM
		{2831EB1B-DF07-4ABA-8FBB-D123688D61F6}.Release|ARM.Build.0 = Release|ARM
		{2831EB1B-DF07-4ABA-8FBB-D123688D61F6}.Release|ARM.Deploy.0 = Release|ARM
		{2831EB1B-DF07-4ABA-8FBB-D123688D61F6}.Release|iPhone.ActiveCfg = Release|x86
		{2831EB1B-DF07-4ABA-8FBB-D123688D61F6}.Release|iPhoneSimulator.ActiveCfg = Release|x86
		{2831EB1B-DF07-4ABA-8FBB-D123688D61F6}.Release|x64.ActiveCfg = Release|x64
		{2831EB1B-DF07-4ABA-8FBB-D123688D61F6}.Release|x64.Build.0 = Release|x64
		{2831EB1B-DF07-4ABA-8FBB-D123688D61F6}.Release|x64.Deploy.0 = Release|x64
		{2831EB1B-DF07-4ABA-8FBB-D123688D61F6}.Release|x86.ActiveCfg = Release|x86
		{2831EB1B-DF07-4ABA-8FBB-D123688D61F6}.Release|x86.Build.0 = Release|x86
		{2831EB1B-DF07-4ABA-8FBB-D123688D61F6}.Release|x86.Deploy.0 = Release|x86
	EndGlobalSection
	GlobalSection(SolutionProperties) = preSolution
		HideSolutionNode = FALSE
	EndGlobalSection
	GlobalSection(NestedProjects) = preSolution
		{3F8304B1-CD89-4727-88D4-36507787174A} = {346A7391-2FD0-4BD7-980D-0625AB8A372E}
		{81F63185-CB96-47ED-9751-CB40FB272537} = {346A7391-2FD0-4BD7-980D-0625AB8A372E}
		{BDCE56DE-4DDB-4542-837D-9B5607862CB8} = {346A7391-2FD0-4BD7-980D-0625AB8A372E}
		{2831EB1B-DF07-4ABA-8FBB-D123688D61F6} = {346A7391-2FD0-4BD7-980D-0625AB8A372E}
	EndGlobalSection
	GlobalSection(ExtensibilityGlobals) = postSolution
		SolutionGuid = {A73D06DE-B019-4D24-A495-32F20CA53949}
	EndGlobalSection
EndGlobal
